<?xml version="1.0" encoding="utf-8"?>
<Project ToolsVersion="4.0" xmlns="http://schemas.microsoft.com/developer/msbuild/2003">
  <ItemGroup>
    <ClCompile Include="..\..\src\game\AccountMgr.cpp" />
    <ClCompile Include="..\..\src\game\AchievementMgr.cpp" />
    <ClCompile Include="..\..\src\game\AggressorAI.cpp" />
    <ClCompile Include="..\..\src\game\AntiCheat.cpp" />
    <ClCompile Include="..\..\src\game\ArenaTeam.cpp" />
    <ClCompile Include="..\..\src\game\ArenaTeamHandler.cpp" />
    <ClCompile Include="..\..\src\game\AuctionHouseBot\AuctionHouseBot.cpp" />
    <ClCompile Include="..\..\src\game\AuctionHouseHandler.cpp" />
    <ClCompile Include="..\..\src\game\AuctionHouseMgr.cpp" />
    <ClCompile Include="..\..\src\game\Bag.cpp" />
    <ClCompile Include="..\..\src\game\Calendar.cpp" />
    <ClCompile Include="..\..\src\game\CalendarHandler.cpp" />
    <ClCompile Include="..\..\src\game\Camera.cpp" />
    <ClCompile Include="..\..\src\game\Channel.cpp" />
    <ClCompile Include="..\..\src\game\ChannelHandler.cpp" />
    <ClCompile Include="..\..\src\game\ChannelMgr.cpp" />
    <ClCompile Include="..\..\src\game\CharacterDatabaseCleaner.cpp" />
    <ClCompile Include="..\..\src\game\CharacterHandler.cpp" />
    <ClCompile Include="..\..\src\game\Chat.cpp" />
    <ClCompile Include="..\..\src\game\ChatHandler.cpp" />
    <ClCompile Include="..\..\src\game\ChatLexicsCutter.cpp" />
    <ClCompile Include="..\..\src\game\ChatLog.cpp" />
    <ClCompile Include="..\..\src\game\CombatHandler.cpp" />
    <ClCompile Include="..\..\src\game\ConfusedMovementGenerator.cpp" />
    <ClCompile Include="..\..\src\game\Corpse.cpp" />
    <ClCompile Include="..\..\src\game\Creature.cpp" />
    <ClCompile Include="..\..\src\game\CreatureAI.cpp" />
    <ClCompile Include="..\..\src\game\CreatureAIRegistry.cpp" />
    <ClCompile Include="..\..\src\game\CreatureAISelector.cpp" />
    <ClCompile Include="..\..\src\game\CreatureEventAI.cpp" />
    <ClCompile Include="..\..\src\game\CreatureEventAIMgr.cpp" />
    <ClCompile Include="..\..\src\game\CreatureLinkingMgr.cpp" />
    <ClCompile Include="..\..\src\game\DBCStores.cpp" />
    <ClCompile Include="..\..\src\game\DBCStructure.cpp" />
    <ClCompile Include="..\..\src\game\debugcmds.cpp" />
    <ClCompile Include="..\..\src\game\DynamicObject.cpp" />
    <ClCompile Include="..\..\src\game\FleeingMovementGenerator.cpp" />
    <ClCompile Include="..\..\src\game\FollowerReference.cpp" />
    <ClCompile Include="..\..\src\game\GameEventMgr.cpp" />
    <ClCompile Include="..\..\src\game\GameObject.cpp" />
    <ClCompile Include="..\..\src\game\GMTicketHandler.cpp" />
    <ClCompile Include="..\..\src\game\GMTicketMgr.cpp" />
    <ClCompile Include="..\..\src\game\GossipDef.cpp" />
    <ClCompile Include="..\..\src\game\GridMap.cpp" />
    <ClCompile Include="..\..\src\game\GridNotifiers.cpp" />
    <ClCompile Include="..\..\src\game\GridStates.cpp" />
    <ClCompile Include="..\..\src\game\Group.cpp" />
    <ClCompile Include="..\..\src\game\GroupHandler.cpp" />
    <ClCompile Include="..\..\src\game\GroupReference.cpp" />
    <ClCompile Include="..\..\src\game\GuardAI.cpp" />
    <ClCompile Include="..\..\src\game\Guild.cpp" />
    <ClCompile Include="..\..\src\game\GuildHandler.cpp" />
    <ClCompile Include="..\..\src\game\GuildMgr.cpp" />
    <ClCompile Include="..\..\src\game\HomeMovementGenerator.cpp" />
    <ClCompile Include="..\..\src\game\HostileRefManager.cpp" />
    <ClCompile Include="..\..\src\game\IdleMovementGenerator.cpp" />
    <ClCompile Include="..\..\src\game\InstanceData.cpp" />
    <ClCompile Include="..\..\src\game\Item.cpp" />
    <ClCompile Include="..\..\src\game\ItemEnchantmentMgr.cpp" />
    <ClCompile Include="..\..\src\game\ItemHandler.cpp" />
    <ClCompile Include="..\..\src\game\Level0.cpp" />
    <ClCompile Include="..\..\src\game\Level1.cpp" />
    <ClCompile Include="..\..\src\game\Level2.cpp" />
    <ClCompile Include="..\..\src\game\Level3.cpp" />
    <ClCompile Include="..\..\src\game\LFGHandler.cpp" />
    <ClCompile Include="..\..\src\game\LFGMgr.cpp" />
    <ClCompile Include="..\..\src\game\LFG.cpp" />
    <ClCompile Include="..\..\src\game\LootHandler.cpp" />
    <ClCompile Include="..\..\src\game\LootMgr.cpp" />
    <ClCompile Include="..\..\src\game\Mail.cpp" />
    <ClCompile Include="..\..\src\game\MailHandler.cpp" />
    <ClCompile Include="..\..\src\game\Map.cpp" />
    <ClCompile Include="..\..\src\game\MapManager.cpp" />
    <ClCompile Include="..\..\src\game\MapPersistentStateMgr.cpp" />
    <ClCompile Include="..\..\src\game\MapUpdater.cpp" />
    <ClCompile Include="..\..\src\game\MassMailMgr.cpp" />
    <ClCompile Include="..\..\src\game\MiscHandler.cpp" />
    <ClCompile Include="..\..\src\game\MotionMaster.cpp" />
    <ClCompile Include="..\..\src\game\MoveMap.cpp" />
    <ClCompile Include="..\..\src\game\MovementGenerator.cpp" />
    <ClCompile Include="..\..\src\game\MovementHandler.cpp" />
    <ClCompile Include="..\..\src\game\movement\MoveSpline.cpp" />
    <ClCompile Include="..\..\src\game\movement\MoveSplineInit.cpp" />
    <ClCompile Include="..\..\src\game\movement\packet_builder.cpp" />
    <ClCompile Include="..\..\src\game\movement\spline.cpp" />
    <ClCompile Include="..\..\src\game\movement\util.cpp" />
    <ClCompile Include="..\..\src\game\NPCHandler.cpp" />
    <ClCompile Include="..\..\src\game\NullCreatureAI.cpp" />
    <ClCompile Include="..\..\src\game\Object.cpp" />
    <ClCompile Include="..\..\src\game\ObjectAccessor.cpp" />
    <ClCompile Include="..\..\src\game\ObjectGridLoader.cpp" />
    <ClCompile Include="..\..\src\game\ObjectMgr.cpp" />
    <ClCompile Include="..\..\src\game\ObjectGuid.cpp" />
    <ClCompile Include="..\..\src\game\ObjectPosSelector.cpp" />
    <ClCompile Include="..\..\src\game\Opcodes.cpp" />
    <ClCompile Include="..\..\src\game\PathFinder.cpp" />
    <ClCompile Include="..\..\src\game\pchdef.cpp" />
    <ClCompile Include="..\..\src\game\Pet.cpp" />
    <ClCompile Include="..\..\src\game\PetAI.cpp" />
    <ClCompile Include="..\..\src\game\PetHandler.cpp" />
    <ClCompile Include="..\..\src\game\PetitionsHandler.cpp" />
    <ClCompile Include="..\..\src\game\Player.cpp" />
    <ClCompile Include="..\..\src\game\PlayerDump.cpp" />
    <ClCompile Include="..\..\src\game\PointMovementGenerator.cpp" />
    <ClCompile Include="..\..\src\game\PoolManager.cpp" />
    <ClCompile Include="..\..\src\game\QueryHandler.cpp" />
    <ClCompile Include="..\..\src\game\QuestDef.cpp" />
    <ClCompile Include="..\..\src\game\QuestHandler.cpp" />
    <ClCompile Include="..\..\src\game\RandomMovementGenerator.cpp" />
    <ClCompile Include="..\..\src\game\ReactorAI.cpp" />
    <ClCompile Include="..\..\src\game\ReputationMgr.cpp" />
    <ClCompile Include="..\..\src\game\ScriptMgr.cpp" />
    <ClCompile Include="..\..\src\game\SkillHandler.cpp" />
    <ClCompile Include="..\..\src\game\SocialMgr.cpp" />
    <ClCompile Include="..\..\src\game\Spell.cpp" />
    <ClCompile Include="..\..\src\game\SpellAuras.cpp" />
    <ClCompile Include="..\..\src\game\SQLStorages.cpp" />
    <ClCompile Include="..\..\src\game\TransportSystem.cpp" />
    <ClCompile Include="..\..\src\game\UnitAuraProcHandler.cpp" />
    <ClCompile Include="..\..\src\game\SpellEffects.cpp" />
    <ClCompile Include="..\..\src\game\SpellHandler.cpp" />
    <ClCompile Include="..\..\src\game\SpellMgr.cpp" />
    <ClCompile Include="..\..\src\game\StatSystem.cpp" />
    <ClCompile Include="..\..\src\game\StateMgr.cpp" />
    <ClCompile Include="..\..\src\game\TargetedMovementGenerator.cpp" />
    <ClCompile Include="..\..\src\game\TaxiHandler.cpp" />
    <ClCompile Include="..\..\src\game\TemporarySummon.cpp" />
    <ClCompile Include="..\..\src\game\ThreatManager.cpp" />
    <ClCompile Include="..\..\src\game\Totem.cpp" />
    <ClCompile Include="..\..\src\game\TotemAI.cpp" />
    <ClCompile Include="..\..\src\game\TradeHandler.cpp" />
    <ClCompile Include="..\..\src\game\Transports.cpp" />
    <ClCompile Include="..\..\src\game\Unit.cpp" />
    <ClCompile Include="..\..\src\game\UpdateData.cpp" />
    <ClCompile Include="..\..\src\game\UpdateFieldFlags.cpp" />
    <ClCompile Include="..\..\src\game\Vehicle.cpp" />
    <ClCompile Include="..\..\src\game\VehicleHandler.cpp" />
    <ClCompile Include="..\..\src\game\vmap\DynamicTree.cpp" />
    <ClCompile Include="..\..\src\game\vmap\GameObjectModel.cpp" />
    <ClCompile Include="..\..\src\game\VoiceChatHandler.cpp" />
    <ClCompile Include="..\..\src\game\warden\WardenBase.cpp" />
    <ClCompile Include="..\..\src\game\warden\WardenDataStorage.cpp" />
    <ClCompile Include="..\..\src\game\warden\WardenMac.cpp" />
    <ClCompile Include="..\..\src\game\warden\WardenWin.cpp" />
    <ClCompile Include="..\..\src\game\WaypointManager.cpp" />
    <ClCompile Include="..\..\src\game\WaypointMovementGenerator.cpp" />
    <ClCompile Include="..\..\src\game\Weather.cpp" />
    <ClCompile Include="..\..\src\game\World.cpp" />
    <ClCompile Include="..\..\src\game\OutdoorPvP\OutdoorPvP.cpp" />
    <ClCompile Include="..\..\src\game\OutdoorPvP\OutdoorPvPEP.cpp" />
    <ClCompile Include="..\..\src\game\OutdoorPvP\OutdoorPvPGH.cpp" />
    <ClCompile Include="..\..\src\game\OutdoorPvP\OutdoorPvPHP.cpp" />
    <ClCompile Include="..\..\src\game\OutdoorPvP\OutdoorPvPMgr.cpp" />
    <ClCompile Include="..\..\src\game\OutdoorPvP\OutdoorPvPNA.cpp" />
    <ClCompile Include="..\..\src\game\OutdoorPvP\OutdoorPvPSI.cpp" />
    <ClCompile Include="..\..\src\game\OutdoorPvP\OutdoorPvPTF.cpp" />
    <ClCompile Include="..\..\src\game\OutdoorPvP\OutdoorPvPZM.cpp" />
    <ClCompile Include="..\..\src\game\WorldSession.cpp" />
    <ClCompile Include="..\..\src\game\WorldSocket.cpp" />
    <ClCompile Include="..\..\src\game\WorldSocketMgr.cpp" />
    <ClCompile Include="..\..\src\game\WorldStateMgr.cpp" />
    <ClCompile Include="..\..\src\game\vmap\BIH.cpp" />
    <ClCompile Include="..\..\src\game\vmap\MapTree.cpp" />
    <ClCompile Include="..\..\src\game\vmap\ModelInstance.cpp" />
    <ClCompile Include="..\..\src\game\vmap\TileAssembler.cpp" />
    <ClCompile Include="..\..\src\game\vmap\VMapFactory.cpp" />
    <ClCompile Include="..\..\src\game\vmap\VMapManager2.cpp" />
    <ClCompile Include="..\..\src\game\vmap\WorldModel.cpp" />
    <ClCompile Include="..\..\src\game\playerbot\strategy\Action.cpp">
      <Filter>playerbot</Filter>
    </ClCompile>
    <ClCompile Include="..\..\src\game\playerbot\strategy\ActionBasket.cpp">
      <Filter>playerbot</Filter>
    </ClCompile>
    <ClCompile Include="..\..\src\game\playerbot\strategy\actions\AcceptQuestAction.cpp">
      <Filter>playerbot</Filter>
    </ClCompile>
    <ClCompile Include="..\..\src\game\playerbot\strategy\actions\AddLootAction.cpp">
      <Filter>playerbot</Filter>
    </ClCompile>
    <ClCompile Include="..\..\src\game\playerbot\strategy\actions\AreaTriggerAction.cpp">
      <Filter>playerbot</Filter>
    </ClCompile>
    <ClCompile Include="..\..\src\game\playerbot\strategy\actions\AttackAction.cpp">
      <Filter>playerbot</Filter>
    </ClCompile>
    <ClCompile Include="..\..\src\game\playerbot\strategy\actions\BankAction.cpp">
      <Filter>playerbot</Filter>
    </ClCompile>
    <ClCompile Include="..\..\src\game\playerbot\strategy\actions\BuffAction.cpp">
      <Filter>playerbot</Filter>
    </ClCompile>
    <ClCompile Include="..\..\src\game\playerbot\strategy\actions\BuyAction.cpp">
      <Filter>playerbot</Filter>
    </ClCompile>
    <ClCompile Include="..\..\src\game\playerbot\strategy\actions\CastCustomSpellAction.cpp">
      <Filter>playerbot</Filter>
    </ClCompile>
    <ClCompile Include="..\..\src\game\playerbot\strategy\actions\ChangeChatAction.cpp">
      <Filter>playerbot</Filter>
    </ClCompile>
    <ClCompile Include="..\..\src\game\playerbot\strategy\actions\ChangeStrategyAction.cpp">
      <Filter>playerbot</Filter>
    </ClCompile>
    <ClCompile Include="..\..\src\game\playerbot\strategy\actions\ChangeTalentsAction.cpp">
      <Filter>playerbot</Filter>
    </ClCompile>
    <ClCompile Include="..\..\src\game\playerbot\strategy\actions\ChatShortcutActions.cpp">
      <Filter>playerbot</Filter>
    </ClCompile>
    <ClCompile Include="..\..\src\game\playerbot\strategy\actions\CheckMountStateAction.cpp">
      <Filter>playerbot</Filter>
    </ClCompile>
    <ClCompile Include="..\..\src\game\playerbot\strategy\actions\DestroyItemAction.cpp">
      <Filter>playerbot</Filter>
    </ClCompile>
    <ClCompile Include="..\..\src\game\playerbot\strategy\actions\DropQuestAction.cpp">
      <Filter>playerbot</Filter>
    </ClCompile>
    <ClCompile Include="..\..\src\game\playerbot\strategy\actions\EmoteAction.cpp">
      <Filter>playerbot</Filter>
    </ClCompile>
    <ClCompile Include="..\..\src\game\playerbot\strategy\actions\EquipAction.cpp">
      <Filter>playerbot</Filter>
    </ClCompile>
    <ClCompile Include="..\..\src\game\playerbot\strategy\actions\FollowActions.cpp">
      <Filter>playerbot</Filter>
    </ClCompile>
    <ClCompile Include="..\..\src\game\playerbot\strategy\actions\GenericActions.cpp">
      <Filter>playerbot</Filter>
    </ClCompile>
    <ClCompile Include="..\..\src\game\playerbot\strategy\actions\GenericSpellActions.cpp">
      <Filter>playerbot</Filter>
    </ClCompile>
    <ClCompile Include="..\..\src\game\playerbot\strategy\actions\GossipHelloAction.cpp">
      <Filter>playerbot</Filter>
    </ClCompile>
    <ClCompile Include="..\..\src\game\playerbot\strategy\actions\GuildBankAction.cpp">
      <Filter>playerbot</Filter>
    </ClCompile>
    <ClCompile Include="..\..\src\game\playerbot\strategy\actions\HelpAction.cpp">
      <Filter>playerbot</Filter>
    </ClCompile>
    <ClCompile Include="..\..\src\game\playerbot\strategy\actions\InventoryAction.cpp">
      <Filter>playerbot</Filter>
    </ClCompile>
    <ClCompile Include="..\..\src\game\playerbot\strategy\actions\InventoryChangeFailureAction.cpp">
      <Filter>playerbot</Filter>
    </ClCompile>
    <ClCompile Include="..\..\src\game\playerbot\strategy\actions\ListQuestsActions.cpp">
      <Filter>playerbot</Filter>
    </ClCompile>
    <ClCompile Include="..\..\src\game\playerbot\strategy\actions\ListSpellsAction.cpp">
      <Filter>playerbot</Filter>
    </ClCompile>
    <ClCompile Include="..\..\src\game\playerbot\strategy\actions\LogLevelAction.cpp">
      <Filter>playerbot</Filter>
    </ClCompile>
    <ClCompile Include="..\..\src\game\playerbot\strategy\actions\LootAction.cpp">
      <Filter>playerbot</Filter>
    </ClCompile>
    <ClCompile Include="..\..\src\game\playerbot\strategy\actions\LootRollAction.cpp">
      <Filter>playerbot</Filter>
    </ClCompile>
    <ClCompile Include="..\..\src\game\playerbot\strategy\actions\LootStrategyAction.cpp">
      <Filter>playerbot</Filter>
    </ClCompile>
    <ClCompile Include="..\..\src\game\playerbot\strategy\actions\MovementActions.cpp">
      <Filter>playerbot</Filter>
    </ClCompile>
    <ClCompile Include="..\..\src\game\playerbot\strategy\actions\NonCombatActions.cpp">
      <Filter>playerbot</Filter>
    </ClCompile>
    <ClCompile Include="..\..\src\game\playerbot\strategy\actions\PositionAction.cpp">
      <Filter>playerbot</Filter>
    </ClCompile>
    <ClCompile Include="..\..\src\game\playerbot\strategy\actions\QueryItemUsageAction.cpp">
      <Filter>playerbot</Filter>
    </ClCompile>
    <ClCompile Include="..\..\src\game\playerbot\strategy\actions\QueryQuestAction.cpp">
      <Filter>playerbot</Filter>
    </ClCompile>
    <ClCompile Include="..\..\src\game\playerbot\strategy\actions\QuestAction.cpp">
      <Filter>playerbot</Filter>
    </ClCompile>
    <ClCompile Include="..\..\src\game\playerbot\strategy\actions\ReadyCheckAction.cpp">
      <Filter>playerbot</Filter>
    </ClCompile>
    <ClCompile Include="..\..\src\game\playerbot\strategy\actions\RememberTaxiAction.cpp">
      <Filter>playerbot</Filter>
    </ClCompile>
    <ClCompile Include="..\..\src\game\playerbot\strategy\actions\RepairAllAction.cpp">
      <Filter>playerbot</Filter>
    </ClCompile>
    <ClCompile Include="..\..\src\game\playerbot\strategy\actions\ResetAiAction.cpp">
      <Filter>playerbot</Filter>
    </ClCompile>
    <ClCompile Include="..\..\src\game\playerbot\strategy\actions\ReviveFromCorpseAction.cpp">
      <Filter>playerbot</Filter>
    </ClCompile>
    <ClCompile Include="..\..\src\game\playerbot\strategy\actions\RewardAction.cpp">
      <Filter>playerbot</Filter>
    </ClCompile>
    <ClCompile Include="..\..\src\game\playerbot\strategy\actions\SellAction.cpp">
      <Filter>playerbot</Filter>
    </ClCompile>
    <ClCompile Include="..\..\src\game\playerbot\strategy\actions\SetHomeAction.cpp">
      <Filter>playerbot</Filter>
    </ClCompile>
    <ClCompile Include="..\..\src\game\playerbot\strategy\actions\StatsAction.cpp">
      <Filter>playerbot</Filter>
    </ClCompile>
    <ClCompile Include="..\..\src\game\playerbot\strategy\actions\StayActions.cpp">
      <Filter>playerbot</Filter>
    </ClCompile>
    <ClCompile Include="..\..\src\game\playerbot\strategy\actions\SuggestWhatToDoAction.cpp">
      <Filter>playerbot</Filter>
    </ClCompile>
    <ClCompile Include="..\..\src\game\playerbot\strategy\actions\TalkToQuestGiverAction.cpp">
      <Filter>playerbot</Filter>
    </ClCompile>
    <ClCompile Include="..\..\src\game\playerbot\strategy\actions\TaxiAction.cpp">
      <Filter>playerbot</Filter>
    </ClCompile>
    <ClCompile Include="..\..\src\game\playerbot\strategy\actions\TeleportAction.cpp">
      <Filter>playerbot</Filter>
    </ClCompile>
    <ClCompile Include="..\..\src\game\playerbot\strategy\actions\TellCastFailedAction.cpp">
      <Filter>playerbot</Filter>
    </ClCompile>
    <ClCompile Include="..\..\src\game\playerbot\strategy\actions\TellItemCountAction.cpp">
      <Filter>playerbot</Filter>
    </ClCompile>
    <ClCompile Include="..\..\src\game\playerbot\strategy\actions\TellLosAction.cpp">
      <Filter>playerbot</Filter>
    </ClCompile>
    <ClCompile Include="..\..\src\game\playerbot\strategy\actions\TellReputationAction.cpp">
      <Filter>playerbot</Filter>
    </ClCompile>
    <ClCompile Include="..\..\src\game\playerbot\strategy\actions\TellTargetAction.cpp">
      <Filter>playerbot</Filter>
    </ClCompile>
    <ClCompile Include="..\..\src\game\playerbot\strategy\actions\TradeAction.cpp">
      <Filter>playerbot</Filter>
    </ClCompile>
    <ClCompile Include="..\..\src\game\playerbot\strategy\actions\TradeStatusAction.cpp">
      <Filter>playerbot</Filter>
    </ClCompile>
    <ClCompile Include="..\..\src\game\playerbot\strategy\actions\TrainerAction.cpp">
      <Filter>playerbot</Filter>
    </ClCompile>
    <ClCompile Include="..\..\src\game\playerbot\strategy\actions\UnequipAction.cpp">
      <Filter>playerbot</Filter>
    </ClCompile>
    <ClCompile Include="..\..\src\game\playerbot\strategy\actions\UseItemAction.cpp">
      <Filter>playerbot</Filter>
    </ClCompile>
    <ClCompile Include="..\..\src\game\playerbot\strategy\actions\UseMeetingStoneAction.cpp">
      <Filter>playerbot</Filter>
    </ClCompile>
    <ClCompile Include="..\..\src\game\playerbot\strategy\AiObject.cpp">
      <Filter>playerbot</Filter>
    </ClCompile>
    <ClCompile Include="..\..\src\game\playerbot\strategy\AiObjectContext.cpp">
      <Filter>playerbot</Filter>
    </ClCompile>
    <ClCompile Include="..\..\src\game\playerbot\strategy\druid\BearTankDruidStrategy.cpp">
      <Filter>playerbot</Filter>
    </ClCompile>
    <ClCompile Include="..\..\src\game\playerbot\strategy\druid\CasterDruidStrategy.cpp">
      <Filter>playerbot</Filter>
    </ClCompile>
    <ClCompile Include="..\..\src\game\playerbot\strategy\druid\CatDpsDruidStrategy.cpp">
      <Filter>playerbot</Filter>
    </ClCompile>
    <ClCompile Include="..\..\src\game\playerbot\strategy\druid\DruidActions.cpp">
      <Filter>playerbot</Filter>
    </ClCompile>
    <ClCompile Include="..\..\src\game\playerbot\strategy\druid\DruidAiObjectContext.cpp">
      <Filter>playerbot</Filter>
    </ClCompile>
    <ClCompile Include="..\..\src\game\playerbot\strategy\druid\DruidMultipliers.cpp">
      <Filter>playerbot</Filter>
    </ClCompile>
    <ClCompile Include="..\..\src\game\playerbot\strategy\druid\DruidTriggers.cpp">
      <Filter>playerbot</Filter>
    </ClCompile>
    <ClCompile Include="..\..\src\game\playerbot\strategy\druid\FeralDruidStrategy.cpp">
      <Filter>playerbot</Filter>
    </ClCompile>
    <ClCompile Include="..\..\src\game\playerbot\strategy\druid\GenericDruidNonCombatStrategy.cpp">
      <Filter>playerbot</Filter>
    </ClCompile>
    <ClCompile Include="..\..\src\game\playerbot\strategy\druid\GenericDruidStrategy.cpp">
      <Filter>playerbot</Filter>
    </ClCompile>
    <ClCompile Include="..\..\src\game\playerbot\strategy\druid\HealDruidStrategy.cpp">
      <Filter>playerbot</Filter>
    </ClCompile>
    <ClCompile Include="..\..\src\game\playerbot\strategy\Engine.cpp">
      <Filter>playerbot</Filter>
    </ClCompile>
    <ClCompile Include="..\..\src\game\playerbot\strategy\Event.cpp">
      <Filter>playerbot</Filter>
    </ClCompile>
    <ClCompile Include="..\..\src\game\playerbot\strategy\generic\AttackRtiStrategy.cpp">
      <Filter>playerbot</Filter>
    </ClCompile>
    <ClCompile Include="..\..\src\game\playerbot\strategy\generic\AttackWeakStrategy.cpp">
      <Filter>playerbot</Filter>
    </ClCompile>
    <ClCompile Include="..\..\src\game\playerbot\strategy\generic\CastTimeStrategy.cpp">
      <Filter>playerbot</Filter>
    </ClCompile>
    <ClCompile Include="..\..\src\game\playerbot\strategy\generic\ChatCommandHandlerStrategy.cpp">
      <Filter>playerbot</Filter>
    </ClCompile>
    <ClCompile Include="..\..\src\game\playerbot\strategy\generic\CombatStrategy.cpp">
      <Filter>playerbot</Filter>
    </ClCompile>
    <ClCompile Include="..\..\src\game\playerbot\strategy\generic\ConserveManaStrategy.cpp">
      <Filter>playerbot</Filter>
    </ClCompile>
    <ClCompile Include="..\..\src\game\playerbot\strategy\generic\DeadStrategy.cpp">
      <Filter>playerbot</Filter>
    </ClCompile>
    <ClCompile Include="..\..\src\game\playerbot\strategy\generic\DpsAoeStrategy.cpp">
      <Filter>playerbot</Filter>
    </ClCompile>
    <ClCompile Include="..\..\src\game\playerbot\strategy\generic\DpsAssistStrategy.cpp">
      <Filter>playerbot</Filter>
    </ClCompile>
    <ClCompile Include="..\..\src\game\playerbot\strategy\generic\DuelStrategy.cpp">
      <Filter>playerbot</Filter>
    </ClCompile>
    <ClCompile Include="..\..\src\game\playerbot\strategy\generic\EmoteStrategy.cpp">
      <Filter>playerbot</Filter>
    </ClCompile>
    <ClCompile Include="..\..\src\game\playerbot\strategy\generic\FleeStrategy.cpp">
      <Filter>playerbot</Filter>
    </ClCompile>
    <ClCompile Include="..\..\src\game\playerbot\strategy\generic\FollowLineStrategy.cpp">
      <Filter>playerbot</Filter>
    </ClCompile>
    <ClCompile Include="..\..\src\game\playerbot\strategy\generic\FollowMasterRandomStrategy.cpp">
      <Filter>playerbot</Filter>
    </ClCompile>
    <ClCompile Include="..\..\src\game\playerbot\strategy\generic\FollowMasterStrategy.cpp">
      <Filter>playerbot</Filter>
    </ClCompile>
    <ClCompile Include="..\..\src\game\playerbot\strategy\generic\GrindingStrategy.cpp">
      <Filter>playerbot</Filter>
    </ClCompile>
    <ClCompile Include="..\..\src\game\playerbot\strategy\generic\GuardStrategy.cpp">
      <Filter>playerbot</Filter>
    </ClCompile>
    <ClCompile Include="..\..\src\game\playerbot\strategy\generic\KiteStrategy.cpp">
      <Filter>playerbot</Filter>
    </ClCompile>
    <ClCompile Include="..\..\src\game\playerbot\strategy\generic\LootNonCombatStrategy.cpp">
      <Filter>playerbot</Filter>
    </ClCompile>
    <ClCompile Include="..\..\src\game\playerbot\strategy\generic\MeleeCombatStrategy.cpp">
      <Filter>playerbot</Filter>
    </ClCompile>
    <ClCompile Include="..\..\src\game\playerbot\strategy\generic\NonCombatStrategy.cpp">
      <Filter>playerbot</Filter>
    </ClCompile>
    <ClCompile Include="..\..\src\game\playerbot\strategy\generic\PassiveStrategy.cpp">
      <Filter>playerbot</Filter>
    </ClCompile>
    <ClCompile Include="..\..\src\game\playerbot\strategy\generic\PullStrategy.cpp">
      <Filter>playerbot</Filter>
    </ClCompile>
    <ClCompile Include="..\..\src\game\playerbot\strategy\generic\QuestStrategies.cpp">
      <Filter>playerbot</Filter>
    </ClCompile>
    <ClCompile Include="..\..\src\game\playerbot\strategy\generic\RacialsStrategy.cpp">
      <Filter>playerbot</Filter>
    </ClCompile>
    <ClCompile Include="..\..\src\game\playerbot\strategy\generic\RangedCombatStrategy.cpp">
      <Filter>playerbot</Filter>
    </ClCompile>
    <ClCompile Include="..\..\src\game\playerbot\strategy\generic\RunawayStrategy.cpp">
      <Filter>playerbot</Filter>
    </ClCompile>
    <ClCompile Include="..\..\src\game\playerbot\strategy\generic\StayCircleStrategy.cpp">
      <Filter>playerbot</Filter>
    </ClCompile>
    <ClCompile Include="..\..\src\game\playerbot\strategy\generic\StayCombatStrategy.cpp">
      <Filter>playerbot</Filter>
    </ClCompile>
    <ClCompile Include="..\..\src\game\playerbot\strategy\generic\StayLineStrategy.cpp">
      <Filter>playerbot</Filter>
    </ClCompile>
    <ClCompile Include="..\..\src\game\playerbot\strategy\generic\StayStrategy.cpp">
      <Filter>playerbot</Filter>
    </ClCompile>
    <ClCompile Include="..\..\src\game\playerbot\strategy\generic\TankAoeStrategy.cpp">
      <Filter>playerbot</Filter>
    </ClCompile>
    <ClCompile Include="..\..\src\game\playerbot\strategy\generic\TankAssistStrategy.cpp">
      <Filter>playerbot</Filter>
    </ClCompile>
    <ClCompile Include="..\..\src\game\playerbot\strategy\generic\TellTargetStrategy.cpp">
      <Filter>playerbot</Filter>
    </ClCompile>
    <ClCompile Include="..\..\src\game\playerbot\strategy\generic\ThreatStrategy.cpp">
      <Filter>playerbot</Filter>
    </ClCompile>
    <ClCompile Include="..\..\src\game\playerbot\strategy\generic\UseFoodStrategy.cpp">
      <Filter>playerbot</Filter>
    </ClCompile>
    <ClCompile Include="..\..\src\game\playerbot\strategy\generic\UsePotionsStrategy.cpp">
      <Filter>playerbot</Filter>
    </ClCompile>
    <ClCompile Include="..\..\src\game\playerbot\strategy\generic\WorldPacketHandlerStrategy.cpp">
      <Filter>playerbot</Filter>
    </ClCompile>
    <ClCompile Include="..\..\src\game\playerbot\strategy\hunter\DpsHunterStrategy.cpp">
      <Filter>playerbot</Filter>
    </ClCompile>
    <ClCompile Include="..\..\src\game\playerbot\strategy\hunter\GenericHunterNonCombatStrategy.cpp">
      <Filter>playerbot</Filter>
    </ClCompile>
    <ClCompile Include="..\..\src\game\playerbot\strategy\hunter\GenericHunterStrategy.cpp">
      <Filter>playerbot</Filter>
    </ClCompile>
    <ClCompile Include="..\..\src\game\playerbot\strategy\hunter\HunterActions.cpp">
      <Filter>playerbot</Filter>
    </ClCompile>
    <ClCompile Include="..\..\src\game\playerbot\strategy\hunter\HunterAiObjectContext.cpp">
      <Filter>playerbot</Filter>
    </ClCompile>
    <ClCompile Include="..\..\src\game\playerbot\strategy\hunter\HunterBuffStrategies.cpp">
      <Filter>playerbot</Filter>
    </ClCompile>
    <ClCompile Include="..\..\src\game\playerbot\strategy\hunter\HunterMultipliers.cpp">
      <Filter>playerbot</Filter>
    </ClCompile>
    <ClCompile Include="..\..\src\game\playerbot\strategy\hunter\HunterTriggers.cpp">
      <Filter>playerbot</Filter>
    </ClCompile>
    <ClCompile Include="..\..\src\game\playerbot\strategy\mage\ArcaneMageStrategy.cpp">
      <Filter>playerbot</Filter>
    </ClCompile>
    <ClCompile Include="..\..\src\game\playerbot\strategy\mage\FireMageStrategy.cpp">
      <Filter>playerbot</Filter>
    </ClCompile>
    <ClCompile Include="..\..\src\game\playerbot\strategy\mage\FrostMageStrategy.cpp">
      <Filter>playerbot</Filter>
    </ClCompile>
    <ClCompile Include="..\..\src\game\playerbot\strategy\mage\GenericMageNonCombatStrategy.cpp">
      <Filter>playerbot</Filter>
    </ClCompile>
    <ClCompile Include="..\..\src\game\playerbot\strategy\mage\GenericMageStrategy.cpp">
      <Filter>playerbot</Filter>
    </ClCompile>
    <ClCompile Include="..\..\src\game\playerbot\strategy\mage\MageActions.cpp">
      <Filter>playerbot</Filter>
    </ClCompile>
    <ClCompile Include="..\..\src\game\playerbot\strategy\mage\MageAiObjectContext.cpp">
      <Filter>playerbot</Filter>
    </ClCompile>
    <ClCompile Include="..\..\src\game\playerbot\strategy\mage\MageMultipliers.cpp">
      <Filter>playerbot</Filter>
    </ClCompile>
    <ClCompile Include="..\..\src\game\playerbot\strategy\mage\MageTriggers.cpp">
      <Filter>playerbot</Filter>
    </ClCompile>
    <ClCompile Include="..\..\src\game\playerbot\strategy\Multiplier.cpp">
      <Filter>playerbot</Filter>
    </ClCompile>
    <ClCompile Include="..\..\src\game\playerbot\strategy\paladin\DpsPaladinStrategy.cpp">
      <Filter>playerbot</Filter>
    </ClCompile>
    <ClCompile Include="..\..\src\game\playerbot\strategy\paladin\GenericPaladinNonCombatStrategy.cpp">
      <Filter>playerbot</Filter>
    </ClCompile>
    <ClCompile Include="..\..\src\game\playerbot\strategy\paladin\GenericPaladinStrategy.cpp">
      <Filter>playerbot</Filter>
    </ClCompile>
    <ClCompile Include="..\..\src\game\playerbot\strategy\paladin\PaladinActions.cpp">
      <Filter>playerbot</Filter>
    </ClCompile>
    <ClCompile Include="..\..\src\game\playerbot\strategy\paladin\PaladinAiObjectContext.cpp">
      <Filter>playerbot</Filter>
    </ClCompile>
    <ClCompile Include="..\..\src\game\playerbot\strategy\paladin\PaladinBuffStrategies.cpp">
      <Filter>playerbot</Filter>
    </ClCompile>
    <ClCompile Include="..\..\src\game\playerbot\strategy\paladin\PaladinMultipliers.cpp">
      <Filter>playerbot</Filter>
    </ClCompile>
    <ClCompile Include="..\..\src\game\playerbot\strategy\paladin\PaladinTriggers.cpp">
      <Filter>playerbot</Filter>
    </ClCompile>
    <ClCompile Include="..\..\src\game\playerbot\strategy\paladin\TankPaladinStrategy.cpp">
      <Filter>playerbot</Filter>
    </ClCompile>
    <ClCompile Include="..\..\src\game\playerbot\strategy\PassiveMultiplier.cpp">
      <Filter>playerbot</Filter>
    </ClCompile>
    <ClCompile Include="..\..\src\game\playerbot\strategy\priest\GenericPriestStrategy.cpp">
      <Filter>playerbot</Filter>
    </ClCompile>
    <ClCompile Include="..\..\src\game\playerbot\strategy\priest\HealPriestStrategy.cpp">
      <Filter>playerbot</Filter>
    </ClCompile>
    <ClCompile Include="..\..\src\game\playerbot\strategy\priest\PriestActions.cpp">
      <Filter>playerbot</Filter>
    </ClCompile>
    <ClCompile Include="..\..\src\game\playerbot\strategy\priest\PriestAiObjectContext.cpp">
      <Filter>playerbot</Filter>
    </ClCompile>
    <ClCompile Include="..\..\src\game\playerbot\strategy\priest\PriestMultipliers.cpp">
      <Filter>playerbot</Filter>
    </ClCompile>
    <ClCompile Include="..\..\src\game\playerbot\strategy\priest\PriestNonCombatStrategy.cpp">
      <Filter>playerbot</Filter>
    </ClCompile>
    <ClCompile Include="..\..\src\game\playerbot\strategy\priest\PriestTriggers.cpp">
      <Filter>playerbot</Filter>
    </ClCompile>
    <ClCompile Include="..\..\src\game\playerbot\strategy\priest\ShadowPriestStrategy.cpp">
      <Filter>playerbot</Filter>
    </ClCompile>
    <ClCompile Include="..\..\src\game\playerbot\strategy\Queue.cpp">
      <Filter>playerbot</Filter>
    </ClCompile>
    <ClCompile Include="..\..\src\game\playerbot\strategy\rogue\DpsRogueStrategy.cpp">
      <Filter>playerbot</Filter>
    </ClCompile>
    <ClCompile Include="..\..\src\game\playerbot\strategy\rogue\GenericRogueNonCombatStrategy.cpp">
      <Filter>playerbot</Filter>
    </ClCompile>
    <ClCompile Include="..\..\src\game\playerbot\strategy\rogue\RogueActions.cpp">
      <Filter>playerbot</Filter>
    </ClCompile>
    <ClCompile Include="..\..\src\game\playerbot\strategy\rogue\RogueAiObjectContext.cpp">
      <Filter>playerbot</Filter>
    </ClCompile>
    <ClCompile Include="..\..\src\game\playerbot\strategy\rogue\RogueMultipliers.cpp">
      <Filter>playerbot</Filter>
    </ClCompile>
    <ClCompile Include="..\..\src\game\playerbot\strategy\rogue\RogueTriggers.cpp">
      <Filter>playerbot</Filter>
    </ClCompile>
    <ClCompile Include="..\..\src\game\playerbot\strategy\shaman\CasterShamanStrategy.cpp">
      <Filter>playerbot</Filter>
    </ClCompile>
    <ClCompile Include="..\..\src\game\playerbot\strategy\shaman\GenericShamanStrategy.cpp">
      <Filter>playerbot</Filter>
    </ClCompile>
    <ClCompile Include="..\..\src\game\playerbot\strategy\shaman\HealShamanStrategy.cpp">
      <Filter>playerbot</Filter>
    </ClCompile>
    <ClCompile Include="..\..\src\game\playerbot\strategy\shaman\MeleeShamanStrategy.cpp">
      <Filter>playerbot</Filter>
    </ClCompile>
    <ClCompile Include="..\..\src\game\playerbot\strategy\shaman\ShamanActions.cpp">
      <Filter>playerbot</Filter>
    </ClCompile>
    <ClCompile Include="..\..\src\game\playerbot\strategy\shaman\ShamanAiObjectContext.cpp">
      <Filter>playerbot</Filter>
    </ClCompile>
    <ClCompile Include="..\..\src\game\playerbot\strategy\shaman\ShamanMultipliers.cpp">
      <Filter>playerbot</Filter>
    </ClCompile>
    <ClCompile Include="..\..\src\game\playerbot\strategy\shaman\ShamanNonCombatStrategy.cpp">
      <Filter>playerbot</Filter>
    </ClCompile>
    <ClCompile Include="..\..\src\game\playerbot\strategy\shaman\ShamanTriggers.cpp">
      <Filter>playerbot</Filter>
    </ClCompile>
    <ClCompile Include="..\..\src\game\playerbot\strategy\shaman\TotemsShamanStrategy.cpp">
      <Filter>playerbot</Filter>
    </ClCompile>
    <ClCompile Include="..\..\src\game\playerbot\strategy\Strategy.cpp">
      <Filter>playerbot</Filter>
    </ClCompile>
    <ClCompile Include="..\..\src\game\playerbot\strategy\Trigger.cpp">
      <Filter>playerbot</Filter>
    </ClCompile>
    <ClCompile Include="..\..\src\game\playerbot\strategy\triggers\CureTriggers.cpp">
      <Filter>playerbot</Filter>
    </ClCompile>
    <ClCompile Include="..\..\src\game\playerbot\strategy\triggers\GenericTriggers.cpp">
      <Filter>playerbot</Filter>
    </ClCompile>
    <ClCompile Include="..\..\src\game\playerbot\strategy\triggers\HealthTriggers.cpp">
      <Filter>playerbot</Filter>
    </ClCompile>
    <ClCompile Include="..\..\src\game\playerbot\strategy\triggers\LootTriggers.cpp">
      <Filter>playerbot</Filter>
    </ClCompile>
    <ClCompile Include="..\..\src\game\playerbot\strategy\Value.cpp">
      <Filter>playerbot</Filter>
    </ClCompile>
    <ClCompile Include="..\..\src\game\playerbot\strategy\values\AoeHealValues.cpp">
      <Filter>playerbot</Filter>
    </ClCompile>
    <ClCompile Include="..\..\src\game\playerbot\strategy\values\AttackerCountValues.cpp">
      <Filter>playerbot</Filter>
    </ClCompile>
    <ClCompile Include="..\..\src\game\playerbot\strategy\values\AttackersValue.cpp">
      <Filter>playerbot</Filter>
    </ClCompile>
    <ClCompile Include="..\..\src\game\playerbot\strategy\values\CcTargetValue.cpp">
      <Filter>playerbot</Filter>
    </ClCompile>
    <ClCompile Include="..\..\src\game\playerbot\strategy\values\CurrentCcTargetValue.cpp">
      <Filter>playerbot</Filter>
    </ClCompile>
    <ClCompile Include="..\..\src\game\playerbot\strategy\values\CurrentTargetValue.cpp">
      <Filter>playerbot</Filter>
    </ClCompile>
    <ClCompile Include="..\..\src\game\playerbot\strategy\values\DpsTargetValue.cpp">
      <Filter>playerbot</Filter>
    </ClCompile>
    <ClCompile Include="..\..\src\game\playerbot\strategy\values\GrindTargetValue.cpp">
      <Filter>playerbot</Filter>
    </ClCompile>
    <ClCompile Include="..\..\src\game\playerbot\strategy\values\ItemCountValue.cpp">
      <Filter>playerbot</Filter>
    </ClCompile>
    <ClCompile Include="..\..\src\game\playerbot\strategy\values\ItemForSpellValue.cpp">
      <Filter>playerbot</Filter>
    </ClCompile>
    <ClCompile Include="..\..\src\game\playerbot\strategy\values\LeastHpTargetValue.cpp">
      <Filter>playerbot</Filter>
    </ClCompile>
    <ClCompile Include="..\..\src\game\playerbot\strategy\values\LineTargetValue.cpp">
      <Filter>playerbot</Filter>
    </ClCompile>
    <ClCompile Include="..\..\src\game\playerbot\strategy\values\NearestAdsValue.cpp">
      <Filter>playerbot</Filter>
    </ClCompile>
    <ClCompile Include="..\..\src\game\playerbot\strategy\values\NearestCorpsesValue.cpp">
      <Filter>playerbot</Filter>
    </ClCompile>
    <ClCompile Include="..\..\src\game\playerbot\strategy\values\NearestGameObjects.cpp">
      <Filter>playerbot</Filter>
    </ClCompile>
    <ClCompile Include="..\..\src\game\playerbot\strategy\values\NearestNpcsValue.cpp">
      <Filter>playerbot</Filter>
    </ClCompile>
    <ClCompile Include="..\..\src\game\playerbot\strategy\values\PartyMemberToDispel.cpp">
      <Filter>playerbot</Filter>
    </ClCompile>
    <ClCompile Include="..\..\src\game\playerbot\strategy\values\PartyMemberToHeal.cpp">
      <Filter>playerbot</Filter>
    </ClCompile>
    <ClCompile Include="..\..\src\game\playerbot\strategy\values\PartyMemberToResurrect.cpp">
      <Filter>playerbot</Filter>
    </ClCompile>
    <ClCompile Include="..\..\src\game\playerbot\strategy\values\PartyMemberValue.cpp">
      <Filter>playerbot</Filter>
    </ClCompile>
    <ClCompile Include="..\..\src\game\playerbot\strategy\values\PartyMemberWithoutAuraValue.cpp">
      <Filter>playerbot</Filter>
    </ClCompile>
    <ClCompile Include="..\..\src\game\playerbot\strategy\values\PositionValue.cpp">
      <Filter>playerbot</Filter>
    </ClCompile>
    <ClCompile Include="..\..\src\game\playerbot\strategy\values\PossibleTargetsValue.cpp">
      <Filter>playerbot</Filter>
    </ClCompile>
    <ClCompile Include="..\..\src\game\playerbot\strategy\values\RtiValue.cpp">
      <Filter>playerbot</Filter>
    </ClCompile>
    <ClCompile Include="..\..\src\game\playerbot\strategy\values\SpellCastUsefulValue.cpp">
      <Filter>playerbot</Filter>
    </ClCompile>
    <ClCompile Include="..\..\src\game\playerbot\strategy\values\SpellIdValue.cpp">
      <Filter>playerbot</Filter>
    </ClCompile>
    <ClCompile Include="..\..\src\game\playerbot\strategy\values\StatsValues.cpp">
      <Filter>playerbot</Filter>
    </ClCompile>
    <ClCompile Include="..\..\src\game\playerbot\strategy\values\TankTargetValue.cpp">
      <Filter>playerbot</Filter>
    </ClCompile>
    <ClCompile Include="..\..\src\game\playerbot\strategy\values\TargetValue.cpp">
      <Filter>playerbot</Filter>
    </ClCompile>
    <ClCompile Include="..\..\src\game\playerbot\strategy\values\ThreatValues.cpp">
      <Filter>playerbot</Filter>
    </ClCompile>
    <ClCompile Include="..\..\src\game\playerbot\strategy\warlock\DpsWarlockStrategy.cpp">
      <Filter>playerbot</Filter>
    </ClCompile>
    <ClCompile Include="..\..\src\game\playerbot\strategy\warlock\GenericWarlockNonCombatStrategy.cpp">
      <Filter>playerbot</Filter>
    </ClCompile>
    <ClCompile Include="..\..\src\game\playerbot\strategy\warlock\GenericWarlockStrategy.cpp">
      <Filter>playerbot</Filter>
    </ClCompile>
    <ClCompile Include="..\..\src\game\playerbot\strategy\warlock\TankWarlockStrategy.cpp">
      <Filter>playerbot</Filter>
    </ClCompile>
    <ClCompile Include="..\..\src\game\playerbot\strategy\warlock\WarlockActions.cpp">
      <Filter>playerbot</Filter>
    </ClCompile>
    <ClCompile Include="..\..\src\game\playerbot\strategy\warlock\WarlockAiObjectContext.cpp">
      <Filter>playerbot</Filter>
    </ClCompile>
    <ClCompile Include="..\..\src\game\playerbot\strategy\warlock\WarlockMultipliers.cpp">
      <Filter>playerbot</Filter>
    </ClCompile>
    <ClCompile Include="..\..\src\game\playerbot\strategy\warlock\WarlockTriggers.cpp">
      <Filter>playerbot</Filter>
    </ClCompile>
    <ClCompile Include="..\..\src\game\playerbot\strategy\warrior\DpsWarriorStrategy.cpp">
      <Filter>playerbot</Filter>
    </ClCompile>
    <ClCompile Include="..\..\src\game\playerbot\strategy\warrior\GenericWarriorNonCombatStrategy.cpp">
      <Filter>playerbot</Filter>
    </ClCompile>
    <ClCompile Include="..\..\src\game\playerbot\strategy\warrior\GenericWarriorStrategy.cpp">
      <Filter>playerbot</Filter>
    </ClCompile>
    <ClCompile Include="..\..\src\game\playerbot\strategy\warrior\TankWarriorStrategy.cpp">
      <Filter>playerbot</Filter>
    </ClCompile>
    <ClCompile Include="..\..\src\game\playerbot\strategy\warrior\WarriorActions.cpp">
      <Filter>playerbot</Filter>
    </ClCompile>
    <ClCompile Include="..\..\src\game\playerbot\strategy\warrior\WarriorAiObjectContext.cpp">
      <Filter>playerbot</Filter>
    </ClCompile>
    <ClCompile Include="..\..\src\game\playerbot\strategy\warrior\WarriorMultipliers.cpp">
      <Filter>playerbot</Filter>
    </ClCompile>
    <ClCompile Include="..\..\src\game\playerbot\strategy\warrior\WarriorTriggers.cpp">
      <Filter>playerbot</Filter>
    </ClCompile>
    <ClCompile Include="..\..\src\game\playerbot\AiFactory.cpp">
      <Filter>playerbot</Filter>
    </ClCompile>
    <ClCompile Include="..\..\src\game\playerbot\ChatFilter.cpp">
      <Filter>playerbot</Filter>
    </ClCompile>
    <ClCompile Include="..\..\src\game\playerbot\ChatHelper.cpp">
      <Filter>playerbot</Filter>
    </ClCompile>
    <ClCompile Include="..\..\src\game\playerbot\FleeManager.cpp">
      <Filter>playerbot</Filter>
    </ClCompile>
    <ClCompile Include="..\..\src\game\playerbot\Helpers.cpp">
      <Filter>playerbot</Filter>
    </ClCompile>
    <ClCompile Include="..\..\src\game\playerbot\LootObjectStack.cpp">
      <Filter>playerbot</Filter>
    </ClCompile>
    <ClCompile Include="..\..\src\game\playerbot\PlayerbotAI.cpp">
      <Filter>playerbot</Filter>
    </ClCompile>
    <ClCompile Include="..\..\src\game\playerbot\PlayerbotAIBase.cpp">
      <Filter>playerbot</Filter>
    </ClCompile>
    <ClCompile Include="..\..\src\game\playerbot\PlayerbotAIConfig.cpp">
      <Filter>playerbot</Filter>
    </ClCompile>
    <ClCompile Include="..\..\src\game\playerbot\PlayerbotFactory.cpp">
      <Filter>playerbot</Filter>
    </ClCompile>
    <ClCompile Include="..\..\src\game\playerbot\PlayerbotMgr.cpp">
      <Filter>playerbot</Filter>
    </ClCompile>
    <ClCompile Include="..\..\src\game\playerbot\RandomPlayerbotMgr.cpp">
      <Filter>playerbot</Filter>
    </ClCompile>
    <ClCompile Include="..\..\src\game\ahbot\AhBot.cpp">
      <Filter>ahbot</Filter>
    </ClCompile>
    <ClCompile Include="..\..\src\game\ahbot\AhBotConfig.cpp">
      <Filter>ahbot</Filter>
    </ClCompile>
    <ClCompile Include="..\..\src\game\ahbot\Category.cpp">
      <Filter>ahbot</Filter>
    </ClCompile>
    <ClCompile Include="..\..\src\game\ahbot\ConsumableCategory.cpp">
      <Filter>ahbot</Filter>
    </ClCompile>
    <ClCompile Include="..\..\src\game\ahbot\ItemBag.cpp">
      <Filter>ahbot</Filter>
    </ClCompile>
    <ClCompile Include="..\..\src\game\ahbot\PricingStrategy.cpp">
      <Filter>ahbot</Filter>
    </ClCompile>
    <ClCompile Include="..\..\src\game\ahbot\TradeCategory.cpp">
      <Filter>ahbot</Filter>
    </ClCompile>
    <ClCompile Include="..\..\src\game\BattleGround\BattleGround.cpp" />
    <ClCompile Include="..\..\src\game\BattleGround\BattleGroundAA.cpp" />
    <ClCompile Include="..\..\src\game\BattleGround\BattleGroundAB.cpp" />
    <ClCompile Include="..\..\src\game\BattleGround\BattleGroundAV.cpp" />
    <ClCompile Include="..\..\src\game\BattleGround\BattleGroundBE.cpp" />
    <ClCompile Include="..\..\src\game\BattleGround\BattleGroundDS.cpp" />
    <ClCompile Include="..\..\src\game\BattleGround\BattleGroundEY.cpp" />
    <ClCompile Include="..\..\src\game\BattleGround\BattleGroundHandler.cpp" />
    <ClCompile Include="..\..\src\game\BattleGround\BattleGroundIC.cpp" />
    <ClCompile Include="..\..\src\game\BattleGround\BattleGroundMgr.cpp" />
    <ClCompile Include="..\..\src\game\BattleGround\BattleGroundNA.cpp" />
    <ClCompile Include="..\..\src\game\BattleGround\BattleGroundRB.cpp" />
    <ClCompile Include="..\..\src\game\BattleGround\BattleGroundRL.cpp" />
    <ClCompile Include="..\..\src\game\BattleGround\BattleGroundRV.cpp" />
    <ClCompile Include="..\..\src\game\BattleGround\BattleGroundSA.cpp" />
    <ClCompile Include="..\..\src\game\BattleGround\BattleGroundWS.cpp" />
    <ClCompile Include="..\..\src\game\WorldObjectEvents.cpp" />
    <ClCompile Include="..\..\src\game\DuelHandler.cpp" />
  </ItemGroup>
  <ItemGroup>
    <ClInclude Include="..\..\src\game\AccountMgr.h" />
    <ClInclude Include="..\..\src\game\AchievementMgr.h" />
    <ClInclude Include="..\..\src\game\AggressorAI.h" />
    <ClInclude Include="..\..\src\game\AntiCheat.h" />
    <ClInclude Include="..\..\src\game\ArenaTeam.h" />
    <ClInclude Include="..\..\src\game\AuctionHouseBot\AuctionHouseBot.h" />
    <ClInclude Include="..\..\src\game\AuctionHouseMgr.h" />
    <ClInclude Include="..\..\src\game\Bag.h" />
    <ClInclude Include="..\..\src\game\Calendar.h" />
    <ClInclude Include="..\..\src\game\Camera.h" />
    <ClInclude Include="..\..\src\game\Cell.h" />
    <ClInclude Include="..\..\src\game\CellImpl.h" />
    <ClInclude Include="..\..\src\game\Channel.h" />
    <ClInclude Include="..\..\src\game\ChannelMgr.h" />
    <ClInclude Include="..\..\src\game\CharacterDatabaseCleaner.h" />
    <ClInclude Include="..\..\src\game\Chat.h" />
    <ClInclude Include="..\..\src\game\ChatLexicsCutter.h" />
    <ClInclude Include="..\..\src\game\ChatLog.h" />
    <ClInclude Include="..\..\src\game\ConfusedMovementGenerator.h" />
    <ClInclude Include="..\..\src\game\Corpse.h" />
    <ClInclude Include="..\..\src\game\Creature.h" />
    <ClInclude Include="..\..\src\game\CreatureAI.h" />
    <ClInclude Include="..\..\src\game\CreatureAIImpl.h" />
    <ClInclude Include="..\..\src\game\CreatureAIRegistry.h" />
    <ClInclude Include="..\..\src\game\CreatureAISelector.h" />
    <ClInclude Include="..\..\src\game\CreatureEventAI.h" />
    <ClInclude Include="..\..\src\game\CreatureEventAIMgr.h" />
    <ClInclude Include="..\..\src\game\CreatureLinkingMgr.h" />
    <ClInclude Include="..\..\src\game\DBCEnums.h" />
    <ClInclude Include="..\..\src\game\DBCfmt.h" />
    <ClInclude Include="..\..\src\game\DBCStores.h" />
    <ClInclude Include="..\..\src\game\DBCStructure.h" />
    <ClInclude Include="..\..\src\game\DynamicObject.h" />
    <ClInclude Include="..\..\src\game\FleeingMovementGenerator.h" />
    <ClInclude Include="..\..\src\game\FollowerReference.h" />
    <ClInclude Include="..\..\src\game\FollowerRefManager.h" />
    <ClInclude Include="..\..\src\game\Formulas.h" />
    <ClInclude Include="..\..\src\game\GameEventMgr.h" />
    <ClInclude Include="..\..\src\game\GameObject.h" />
    <ClInclude Include="..\..\src\game\GMTicketMgr.h" />
    <ClInclude Include="..\..\src\game\GossipDef.h" />
    <ClInclude Include="..\..\src\game\GridDefines.h" />
    <ClInclude Include="..\..\src\game\GridMap.h" />
    <ClInclude Include="..\..\src\game\GridNotifiers.h" />
    <ClInclude Include="..\..\src\game\GridNotifiersImpl.h" />
    <ClInclude Include="..\..\src\game\GridStates.h" />
    <ClInclude Include="..\..\src\game\Group.h" />
    <ClInclude Include="..\..\src\game\GroupReference.h" />
    <ClInclude Include="..\..\src\game\GroupRefManager.h" />
    <ClInclude Include="..\..\src\game\GuardAI.h" />
    <ClInclude Include="..\..\src\game\Guild.h" />
    <ClInclude Include="..\..\src\game\GuildMgr.h" />
    <ClInclude Include="..\..\src\game\HomeMovementGenerator.h" />
    <ClInclude Include="..\..\src\game\HostileRefManager.h" />
    <ClInclude Include="..\..\src\game\IdleMovementGenerator.h" />
    <ClInclude Include="..\..\src\game\InstanceData.h" />
    <ClInclude Include="..\..\src\game\Item.h" />
    <ClInclude Include="..\..\src\game\ItemEnchantmentMgr.h" />
    <ClInclude Include="..\..\src\game\ItemPrototype.h" />
    <ClInclude Include="..\..\src\game\Language.h" />
    <ClInclude Include="..\..\src\game\LFG.h" />
    <ClInclude Include="..\..\src\game\LFGMgr.h" />
    <ClInclude Include="..\..\src\game\LootMgr.h" />
    <ClInclude Include="..\..\src\game\Mail.h" />
    <ClInclude Include="..\..\src\game\Map.h" />
    <ClInclude Include="..\..\src\game\MapManager.h" />
    <ClInclude Include="..\..\src\game\MapPersistentStateMgr.h" />
    <ClInclude Include="..\..\src\game\MapUpdater.h" />
    <ClInclude Include="..\..\src\game\MapReference.h" />
    <ClInclude Include="..\..\src\game\MapRefManager.h" />
    <ClInclude Include="..\..\src\game\MassMailMgr.h" />
    <ClInclude Include="..\..\src\game\MotionMaster.h" />
    <ClInclude Include="..\..\src\game\MoveMap.h" />
    <ClInclude Include="..\..\src\game\MoveMapSharedDefines.h" />
    <ClInclude Include="..\..\src\game\MovementGenerator.h" />
    <ClInclude Include="..\..\src\game\movement\MoveSpline.h" />
    <ClInclude Include="..\..\src\game\movement\MoveSplineFlag.h" />
    <ClInclude Include="..\..\src\game\movement\MoveSplineInit.h" />
    <ClInclude Include="..\..\src\game\movement\MoveSplineInitArgs.h" />
    <ClInclude Include="..\..\src\game\movement\packet_builder.h" />
    <ClInclude Include="..\..\src\game\movement\spline.h" />
    <ClInclude Include="..\..\src\game\movement\spline.impl.h" />
    <ClInclude Include="..\..\src\game\movement\typedefs.h" />
    <ClInclude Include="..\..\src\game\NPCHandler.h" />
    <ClInclude Include="..\..\src\game\NullCreatureAI.h" />
    <ClInclude Include="..\..\src\game\Object.h" />
    <ClInclude Include="..\..\src\game\ObjectAccessor.h" />
    <ClInclude Include="..\..\src\game\ObjectGuid.h" />
    <ClInclude Include="..\..\src\game\ObjectGridLoader.h" />
    <ClInclude Include="..\..\src\game\ObjectMgr.h" />
    <ClInclude Include="..\..\src\game\ObjectPosSelector.h" />
    <ClInclude Include="..\..\src\game\Opcodes.h" />
    <ClInclude Include="..\..\src\game\Path.h" />
    <ClInclude Include="..\..\src\game\PathFinder.h" />
    <ClInclude Include="..\..\src\game\pchdef.h" />
    <ClInclude Include="..\..\src\game\Pet.h" />
    <ClInclude Include="..\..\src\game\PetAI.h" />
    <ClInclude Include="..\..\src\game\Player.h" />
    <ClInclude Include="..\..\src\game\PlayerDump.h" />
    <ClInclude Include="..\..\src\game\PointMovementGenerator.h" />
    <ClInclude Include="..\..\src\game\PoolManager.h" />
    <ClInclude Include="..\..\src\game\QuestDef.h" />
    <ClInclude Include="..\..\src\game\RandomMovementGenerator.h" />
    <ClInclude Include="..\..\src\game\ReactorAI.h" />
    <ClInclude Include="..\..\src\game\ReputationMgr.h" />
    <ClInclude Include="..\..\src\game\ScriptMgr.h" />
    <ClInclude Include="..\..\src\game\SharedDefines.h" />
    <ClInclude Include="..\..\src\game\SocialMgr.h" />
    <ClInclude Include="..\..\src\game\Spell.h" />
    <ClInclude Include="..\..\src\game\SpellClassMask.h" />
    <ClInclude Include="..\..\src\game\SpellAuraDefines.h" />
    <ClInclude Include="..\..\src\game\SpellAuras.h" />
    <ClInclude Include="..\..\src\game\SpellMgr.h" />
    <ClInclude Include="..\..\src\game\SQLStorages.h" />
    <ClInclude Include="..\..\src\game\StateMgr.h" />
    <ClInclude Include="..\..\src\game\StateMgrImpl.h" />
    <ClInclude Include="..\..\src\game\TargetedMovementGenerator.h" />
    <ClInclude Include="..\..\src\game\TemporarySummon.h" />
    <ClInclude Include="..\..\src\game\ThreatManager.h" />
    <ClInclude Include="..\..\src\game\Totem.h" />
    <ClInclude Include="..\..\src\game\TotemAI.h" />
    <ClInclude Include="..\..\src\game\Transports.h" />
    <ClInclude Include="..\..\src\game\TransportSystem.h" />
    <ClInclude Include="..\..\src\game\Unit.h" />
    <ClInclude Include="..\..\src\game\UnitEvents.h" />
    <ClInclude Include="..\..\src\game\UpdateData.h" />
    <ClInclude Include="..\..\src\game\UpdateFieldFlags.h" />
    <ClInclude Include="..\..\src\game\UpdateFields.h" />
    <ClInclude Include="..\..\src\game\UpdateMask.h" />
    <ClInclude Include="..\..\src\game\Vehicle.h" />
    <ClInclude Include="..\..\src\game\warden\WardenBase.h" />
    <ClInclude Include="..\..\src\game\warden\WardenDataStorage.h" />
    <ClInclude Include="..\..\src\game\warden\WardenMac.h" />
    <ClInclude Include="..\..\src\game\warden\WardenModuleMac.h" />
    <ClInclude Include="..\..\src\game\warden\WardenWin.h" />
    <ClInclude Include="..\..\src\game\warden\WardenModuleWin.h" />
    <ClInclude Include="..\..\src\game\vmap\BIHWrap.h" />
    <ClInclude Include="..\..\src\game\vmap\DynamicTree.h" />
    <ClInclude Include="..\..\src\game\vmap\GameObjectModel.h" />
    <ClInclude Include="..\..\src\game\vmap\RegularGrid.h" />
    <ClInclude Include="..\..\src\game\WaypointManager.h" />
    <ClInclude Include="..\..\src\game\WaypointMovementGenerator.h" />
    <ClInclude Include="..\..\src\game\Weather.h" />
    <ClInclude Include="..\..\src\game\World.h" />
    <ClInclude Include="..\..\src\game\OutdoorPvP\OutdoorPvP.h" />
    <ClInclude Include="..\..\src\game\OutdoorPvP\OutdoorPvPEP.h" />
    <ClInclude Include="..\..\src\game\OutdoorPvP\OutdoorPvPGH.h" />
    <ClInclude Include="..\..\src\game\OutdoorPvP\OutdoorPvPHP.h" />
    <ClInclude Include="..\..\src\game\OutdoorPvP\OutdoorPvPMgr.h" />
    <ClInclude Include="..\..\src\game\OutdoorPvP\OutdoorPvPNA.h" />
    <ClInclude Include="..\..\src\game\OutdoorPvP\OutdoorPvPSI.h" />
    <ClInclude Include="..\..\src\game\OutdoorPvP\OutdoorPvPTF.h" />
    <ClInclude Include="..\..\src\game\OutdoorPvP\OutdoorPvPZM.h" />
    <ClInclude Include="..\..\src\game\WorldSession.h" />
    <ClInclude Include="..\..\src\game\WorldSocket.h" />
    <ClInclude Include="..\..\src\game\WorldSocketMgr.h" />
    <ClInclude Include="..\..\src\game\WorldStateMgr.h" />
    <ClInclude Include="..\..\src\game\vmap\BIH.h" />
    <ClInclude Include="..\..\src\game\vmap\IVMapManager.h" />
    <ClInclude Include="..\..\src\game\vmap\MapTree.h" />
    <ClInclude Include="..\..\src\game\vmap\ModelInstance.h" />
    <ClInclude Include="..\..\src\game\vmap\TileAssembler.h" />
    <ClInclude Include="..\..\src\game\vmap\VMapDefinitions.h" />
    <ClInclude Include="..\..\src\game\vmap\VMapFactory.h" />
    <ClInclude Include="..\..\src\game\vmap\VMapManager2.h" />
    <ClInclude Include="..\..\src\game\vmap\VMapTools.h" />
    <ClInclude Include="..\..\src\game\vmap\WorldModel.h" />
    <ClInclude Include="..\..\src\game\playerbot\strategy\Action.h">
      <Filter>playerbot</Filter>
    </ClInclude>
    <ClInclude Include="..\..\src\game\playerbot\strategy\ActionBasket.h">
      <Filter>playerbot</Filter>
    </ClInclude>
    <ClInclude Include="..\..\src\game\playerbot\strategy\actions\AcceptDuelAction.h">
      <Filter>playerbot</Filter>
    </ClInclude>
    <ClInclude Include="..\..\src\game\playerbot\strategy\actions\AcceptInvitationAction.h">
      <Filter>playerbot</Filter>
    </ClInclude>
    <ClInclude Include="..\..\src\game\playerbot\strategy\actions\AcceptQuestAction.h">
      <Filter>playerbot</Filter>
    </ClInclude>
    <ClInclude Include="..\..\src\game\playerbot\strategy\actions\AcceptResurrectAction.h">
      <Filter>playerbot</Filter>
    </ClInclude>
    <ClInclude Include="..\..\src\game\playerbot\strategy\actions\ActionContext.h">
      <Filter>playerbot</Filter>
    </ClInclude>
    <ClInclude Include="..\..\src\game\playerbot\strategy\actions\AddLootAction.h">
      <Filter>playerbot</Filter>
    </ClInclude>
    <ClInclude Include="..\..\src\game\playerbot\strategy\actions\AreaTriggerAction.h">
      <Filter>playerbot</Filter>
    </ClInclude>
    <ClInclude Include="..\..\src\game\playerbot\strategy\actions\AttackAction.h">
      <Filter>playerbot</Filter>
    </ClInclude>
    <ClInclude Include="..\..\src\game\playerbot\strategy\actions\BankAction.h">
      <Filter>playerbot</Filter>
    </ClInclude>
    <ClInclude Include="..\..\src\game\playerbot\strategy\actions\BuffAction.h">
      <Filter>playerbot</Filter>
    </ClInclude>
    <ClInclude Include="..\..\src\game\playerbot\strategy\actions\BuyAction.h">
      <Filter>playerbot</Filter>
    </ClInclude>
    <ClInclude Include="..\..\src\game\playerbot\strategy\actions\CastCustomSpellAction.h">
      <Filter>playerbot</Filter>
    </ClInclude>
    <ClInclude Include="..\..\src\game\playerbot\strategy\actions\ChangeChatAction.h">
      <Filter>playerbot</Filter>
    </ClInclude>
    <ClInclude Include="..\..\src\game\playerbot\strategy\actions\ChangeStrategyAction.h">
      <Filter>playerbot</Filter>
    </ClInclude>
    <ClInclude Include="..\..\src\game\playerbot\strategy\actions\ChangeTalentsAction.h">
      <Filter>playerbot</Filter>
    </ClInclude>
    <ClInclude Include="..\..\src\game\playerbot\strategy\actions\ChatActionContext.h">
      <Filter>playerbot</Filter>
    </ClInclude>
    <ClInclude Include="..\..\src\game\playerbot\strategy\actions\ChatShortcutActions.h">
      <Filter>playerbot</Filter>
    </ClInclude>
    <ClInclude Include="..\..\src\game\playerbot\strategy\actions\CheckMountStateAction.h">
      <Filter>playerbot</Filter>
    </ClInclude>
    <ClInclude Include="..\..\src\game\playerbot\strategy\actions\ChooseTargetActions.h">
      <Filter>playerbot</Filter>
    </ClInclude>
    <ClInclude Include="..\..\src\game\playerbot\strategy\actions\DestroyItemAction.h">
      <Filter>playerbot</Filter>
    </ClInclude>
    <ClInclude Include="..\..\src\game\playerbot\strategy\actions\DropQuestAction.h">
      <Filter>playerbot</Filter>
    </ClInclude>
    <ClInclude Include="..\..\src\game\playerbot\strategy\actions\EmoteAction.h">
      <Filter>playerbot</Filter>
    </ClInclude>
    <ClInclude Include="..\..\src\game\playerbot\strategy\actions\EquipAction.h">
      <Filter>playerbot</Filter>
    </ClInclude>
    <ClInclude Include="..\..\src\game\playerbot\strategy\actions\FollowActions.h">
      <Filter>playerbot</Filter>
    </ClInclude>
    <ClInclude Include="..\..\src\game\playerbot\strategy\actions\GenericActions.h">
      <Filter>playerbot</Filter>
    </ClInclude>
    <ClInclude Include="..\..\src\game\playerbot\strategy\actions\GenericSpellActions.h">
      <Filter>playerbot</Filter>
    </ClInclude>
    <ClInclude Include="..\..\src\game\playerbot\strategy\actions\GossipHelloAction.h">
      <Filter>playerbot</Filter>
    </ClInclude>
    <ClInclude Include="..\..\src\game\playerbot\strategy\actions\GuildBankAction.h">
      <Filter>playerbot</Filter>
    </ClInclude>
    <ClInclude Include="..\..\src\game\playerbot\strategy\actions\HelpAction.h">
      <Filter>playerbot</Filter>
    </ClInclude>
    <ClInclude Include="..\..\src\game\playerbot\strategy\actions\InventoryAction.h">
      <Filter>playerbot</Filter>
    </ClInclude>
    <ClInclude Include="..\..\src\game\playerbot\strategy\actions\InventoryChangeFailureAction.h">
      <Filter>playerbot</Filter>
    </ClInclude>
    <ClInclude Include="..\..\src\game\playerbot\strategy\actions\InviteToGroupAction.h">
      <Filter>playerbot</Filter>
    </ClInclude>
    <ClInclude Include="..\..\src\game\playerbot\strategy\actions\LeaveGroupAction.h">
      <Filter>playerbot</Filter>
    </ClInclude>
    <ClInclude Include="..\..\src\game\playerbot\strategy\actions\ListQuestsActions.h">
      <Filter>playerbot</Filter>
    </ClInclude>
    <ClInclude Include="..\..\src\game\playerbot\strategy\actions\ListSpellsAction.h">
      <Filter>playerbot</Filter>
    </ClInclude>
    <ClInclude Include="..\..\src\game\playerbot\strategy\actions\LogLevelAction.h">
      <Filter>playerbot</Filter>
    </ClInclude>
    <ClInclude Include="..\..\src\game\playerbot\strategy\actions\LootAction.h">
      <Filter>playerbot</Filter>
    </ClInclude>
    <ClInclude Include="..\..\src\game\playerbot\strategy\actions\LootRollAction.h">
      <Filter>playerbot</Filter>
    </ClInclude>
    <ClInclude Include="..\..\src\game\playerbot\strategy\actions\LootStrategyAction.h">
      <Filter>playerbot</Filter>
    </ClInclude>
    <ClInclude Include="..\..\src\game\playerbot\strategy\actions\MovementActions.h">
      <Filter>playerbot</Filter>
    </ClInclude>
    <ClInclude Include="..\..\src\game\playerbot\strategy\actions\NonCombatActions.h">
      <Filter>playerbot</Filter>
    </ClInclude>
    <ClInclude Include="..\..\src\game\playerbot\strategy\actions\PassLeadershipToMasterAction.h">
      <Filter>playerbot</Filter>
    </ClInclude>
    <ClInclude Include="..\..\src\game\playerbot\strategy\actions\PositionAction.h">
      <Filter>playerbot</Filter>
    </ClInclude>
    <ClInclude Include="..\..\src\game\playerbot\strategy\actions\QueryItemUsageAction.h">
      <Filter>playerbot</Filter>
    </ClInclude>
    <ClInclude Include="..\..\src\game\playerbot\strategy\actions\QueryQuestAction.h">
      <Filter>playerbot</Filter>
    </ClInclude>
    <ClInclude Include="..\..\src\game\playerbot\strategy\actions\QuestAction.h">
      <Filter>playerbot</Filter>
    </ClInclude>
    <ClInclude Include="..\..\src\game\playerbot\strategy\actions\ReachTargetActions.h">
      <Filter>playerbot</Filter>
    </ClInclude>
    <ClInclude Include="..\..\src\game\playerbot\strategy\actions\ReadyCheckAction.h">
      <Filter>playerbot</Filter>
    </ClInclude>
    <ClInclude Include="..\..\src\game\playerbot\strategy\actions\ReleaseSpiritAction.h">
      <Filter>playerbot</Filter>
    </ClInclude>
    <ClInclude Include="..\..\src\game\playerbot\strategy\actions\RememberTaxiAction.h">
      <Filter>playerbot</Filter>
    </ClInclude>
    <ClInclude Include="..\..\src\game\playerbot\strategy\actions\RepairAllAction.h">
      <Filter>playerbot</Filter>
    </ClInclude>
    <ClInclude Include="..\..\src\game\playerbot\strategy\actions\ResetAiAction.h">
      <Filter>playerbot</Filter>
    </ClInclude>
    <ClInclude Include="..\..\src\game\playerbot\strategy\actions\ReviveFromCorpseAction.h">
      <Filter>playerbot</Filter>
    </ClInclude>
    <ClInclude Include="..\..\src\game\playerbot\strategy\actions\RewardAction.h">
      <Filter>playerbot</Filter>
    </ClInclude>
    <ClInclude Include="..\..\src\game\playerbot\strategy\actions\RtiAction.h">
      <Filter>playerbot</Filter>
    </ClInclude>
    <ClInclude Include="..\..\src\game\playerbot\strategy\actions\SellAction.h">
      <Filter>playerbot</Filter>
    </ClInclude>
    <ClInclude Include="..\..\src\game\playerbot\strategy\actions\SetHomeAction.h">
      <Filter>playerbot</Filter>
    </ClInclude>
    <ClInclude Include="..\..\src\game\playerbot\strategy\actions\StatsAction.h">
      <Filter>playerbot</Filter>
    </ClInclude>
    <ClInclude Include="..\..\src\game\playerbot\strategy\actions\StayActions.h">
      <Filter>playerbot</Filter>
    </ClInclude>
    <ClInclude Include="..\..\src\game\playerbot\strategy\actions\SuggestWhatToDoAction.h">
      <Filter>playerbot</Filter>
    </ClInclude>
    <ClInclude Include="..\..\src\game\playerbot\strategy\actions\TalkToQuestGiverAction.h">
      <Filter>playerbot</Filter>
    </ClInclude>
    <ClInclude Include="..\..\src\game\playerbot\strategy\actions\TaxiAction.h">
      <Filter>playerbot</Filter>
    </ClInclude>
    <ClInclude Include="..\..\src\game\playerbot\strategy\actions\TeleportAction.h">
      <Filter>playerbot</Filter>
    </ClInclude>
    <ClInclude Include="..\..\src\game\playerbot\strategy\actions\TellCastFailedAction.h">
      <Filter>playerbot</Filter>
    </ClInclude>
    <ClInclude Include="..\..\src\game\playerbot\strategy\actions\TellItemCountAction.h">
      <Filter>playerbot</Filter>
    </ClInclude>
    <ClInclude Include="..\..\src\game\playerbot\strategy\actions\TellLosAction.h">
      <Filter>playerbot</Filter>
    </ClInclude>
    <ClInclude Include="..\..\src\game\playerbot\strategy\actions\TellMasterAction.h">
      <Filter>playerbot</Filter>
    </ClInclude>
    <ClInclude Include="..\..\src\game\playerbot\strategy\actions\TellReputationAction.h">
      <Filter>playerbot</Filter>
    </ClInclude>
    <ClInclude Include="..\..\src\game\playerbot\strategy\actions\TellTargetAction.h">
      <Filter>playerbot</Filter>
    </ClInclude>
    <ClInclude Include="..\..\src\game\playerbot\strategy\actions\TradeAction.h">
      <Filter>playerbot</Filter>
    </ClInclude>
    <ClInclude Include="..\..\src\game\playerbot\strategy\actions\TradeStatusAction.h">
      <Filter>playerbot</Filter>
    </ClInclude>
    <ClInclude Include="..\..\src\game\playerbot\strategy\actions\TrainerAction.h">
      <Filter>playerbot</Filter>
    </ClInclude>
    <ClInclude Include="..\..\src\game\playerbot\strategy\actions\UnequipAction.h">
      <Filter>playerbot</Filter>
    </ClInclude>
    <ClInclude Include="..\..\src\game\playerbot\strategy\actions\UseItemAction.h">
      <Filter>playerbot</Filter>
    </ClInclude>
    <ClInclude Include="..\..\src\game\playerbot\strategy\actions\UseMeetingStoneAction.h">
      <Filter>playerbot</Filter>
    </ClInclude>
    <ClInclude Include="..\..\src\game\playerbot\strategy\actions\WorldPacketActionContext.h">
      <Filter>playerbot</Filter>
    </ClInclude>
    <ClInclude Include="..\..\src\game\playerbot\strategy\AiObject.h">
      <Filter>playerbot</Filter>
    </ClInclude>
    <ClInclude Include="..\..\src\game\playerbot\strategy\AiObjectContext.h">
      <Filter>playerbot</Filter>
    </ClInclude>
    <ClInclude Include="..\..\src\game\playerbot\strategy\druid\BearTankDruidStrategy.h">
      <Filter>playerbot</Filter>
    </ClInclude>
    <ClInclude Include="..\..\src\game\playerbot\strategy\druid\CasterDruidStrategy.h">
      <Filter>playerbot</Filter>
    </ClInclude>
    <ClInclude Include="..\..\src\game\playerbot\strategy\druid\CatDpsDruidStrategy.h">
      <Filter>playerbot</Filter>
    </ClInclude>
    <ClInclude Include="..\..\src\game\playerbot\strategy\druid\DruidActions.h">
      <Filter>playerbot</Filter>
    </ClInclude>
    <ClInclude Include="..\..\src\game\playerbot\strategy\druid\DruidAiObjectContext.h">
      <Filter>playerbot</Filter>
    </ClInclude>
    <ClInclude Include="..\..\src\game\playerbot\strategy\druid\DruidBearActions.h">
      <Filter>playerbot</Filter>
    </ClInclude>
    <ClInclude Include="..\..\src\game\playerbot\strategy\druid\DruidCatActions.h">
      <Filter>playerbot</Filter>
    </ClInclude>
    <ClInclude Include="..\..\src\game\playerbot\strategy\druid\DruidMultipliers.h">
      <Filter>playerbot</Filter>
    </ClInclude>
    <ClInclude Include="..\..\src\game\playerbot\strategy\druid\DruidShapeshiftActions.h">
      <Filter>playerbot</Filter>
    </ClInclude>
    <ClInclude Include="..\..\src\game\playerbot\strategy\druid\DruidTriggers.h">
      <Filter>playerbot</Filter>
    </ClInclude>
    <ClInclude Include="..\..\src\game\playerbot\strategy\druid\FeralDruidStrategy.h">
      <Filter>playerbot</Filter>
    </ClInclude>
    <ClInclude Include="..\..\src\game\playerbot\strategy\druid\GenericDruidNonCombatStrategy.h">
      <Filter>playerbot</Filter>
    </ClInclude>
    <ClInclude Include="..\..\src\game\playerbot\strategy\druid\GenericDruidStrategy.h">
      <Filter>playerbot</Filter>
    </ClInclude>
    <ClInclude Include="..\..\src\game\playerbot\strategy\druid\HealDruidStrategy.h">
      <Filter>playerbot</Filter>
    </ClInclude>
    <ClInclude Include="..\..\src\game\playerbot\strategy\Engine.h">
      <Filter>playerbot</Filter>
    </ClInclude>
    <ClInclude Include="..\..\src\game\playerbot\strategy\Event.h">
      <Filter>playerbot</Filter>
    </ClInclude>
    <ClInclude Include="..\..\src\game\playerbot\strategy\ExternalEventHelper.h">
      <Filter>playerbot</Filter>
    </ClInclude>
    <ClInclude Include="..\..\src\game\playerbot\strategy\generic\AttackRtiStrategy.h">
      <Filter>playerbot</Filter>
    </ClInclude>
    <ClInclude Include="..\..\src\game\playerbot\strategy\generic\AttackWeakStrategy.h">
      <Filter>playerbot</Filter>
    </ClInclude>
    <ClInclude Include="..\..\src\game\playerbot\strategy\generic\CastTimeStrategy.h">
      <Filter>playerbot</Filter>
    </ClInclude>
    <ClInclude Include="..\..\src\game\playerbot\strategy\generic\ChatCommandHandlerStrategy.h">
      <Filter>playerbot</Filter>
    </ClInclude>
    <ClInclude Include="..\..\src\game\playerbot\strategy\generic\CombatStrategy.h">
      <Filter>playerbot</Filter>
    </ClInclude>
    <ClInclude Include="..\..\src\game\playerbot\strategy\generic\ConserveManaStrategy.h">
      <Filter>playerbot</Filter>
    </ClInclude>
    <ClInclude Include="..\..\src\game\playerbot\strategy\generic\DeadStrategy.h">
      <Filter>playerbot</Filter>
    </ClInclude>
    <ClInclude Include="..\..\src\game\playerbot\strategy\generic\DpsAoeStrategy.h">
      <Filter>playerbot</Filter>
    </ClInclude>
    <ClInclude Include="..\..\src\game\playerbot\strategy\generic\DpsAssistStrategy.h">
      <Filter>playerbot</Filter>
    </ClInclude>
    <ClInclude Include="..\..\src\game\playerbot\strategy\generic\DuelStrategy.h">
      <Filter>playerbot</Filter>
    </ClInclude>
    <ClInclude Include="..\..\src\game\playerbot\strategy\generic\EmoteStrategy.h">
      <Filter>playerbot</Filter>
    </ClInclude>
    <ClInclude Include="..\..\src\game\playerbot\strategy\generic\FleeStrategy.h">
      <Filter>playerbot</Filter>
    </ClInclude>
    <ClInclude Include="..\..\src\game\playerbot\strategy\generic\FollowLineStrategy.h">
      <Filter>playerbot</Filter>
    </ClInclude>
    <ClInclude Include="..\..\src\game\playerbot\strategy\generic\FollowMasterRandomStrategy.h">
      <Filter>playerbot</Filter>
    </ClInclude>
    <ClInclude Include="..\..\src\game\playerbot\strategy\generic\FollowMasterStrategy.h">
      <Filter>playerbot</Filter>
    </ClInclude>
    <ClInclude Include="..\..\src\game\playerbot\strategy\generic\GrindingStrategy.h">
      <Filter>playerbot</Filter>
    </ClInclude>
    <ClInclude Include="..\..\src\game\playerbot\strategy\generic\GuardStrategy.h">
      <Filter>playerbot</Filter>
    </ClInclude>
    <ClInclude Include="..\..\src\game\playerbot\strategy\generic\KiteStrategy.h">
      <Filter>playerbot</Filter>
    </ClInclude>
    <ClInclude Include="..\..\src\game\playerbot\strategy\generic\LootNonCombatStrategy.h">
      <Filter>playerbot</Filter>
    </ClInclude>
    <ClInclude Include="..\..\src\game\playerbot\strategy\generic\MeleeCombatStrategy.h">
      <Filter>playerbot</Filter>
    </ClInclude>
    <ClInclude Include="..\..\src\game\playerbot\strategy\generic\NonCombatStrategy.h">
      <Filter>playerbot</Filter>
    </ClInclude>
    <ClInclude Include="..\..\src\game\playerbot\strategy\generic\PassiveStrategy.h">
      <Filter>playerbot</Filter>
    </ClInclude>
    <ClInclude Include="..\..\src\game\playerbot\strategy\generic\PassTroughStrategy.h">
      <Filter>playerbot</Filter>
    </ClInclude>
    <ClInclude Include="..\..\src\game\playerbot\strategy\generic\PullStrategy.h">
      <Filter>playerbot</Filter>
    </ClInclude>
    <ClInclude Include="..\..\src\game\playerbot\strategy\generic\QuestStrategies.h">
      <Filter>playerbot</Filter>
    </ClInclude>
    <ClInclude Include="..\..\src\game\playerbot\strategy\generic\RacialsStrategy.h">
      <Filter>playerbot</Filter>
    </ClInclude>
    <ClInclude Include="..\..\src\game\playerbot\strategy\generic\RangedCombatStrategy.h">
      <Filter>playerbot</Filter>
    </ClInclude>
    <ClInclude Include="..\..\src\game\playerbot\strategy\generic\RunawayStrategy.h">
      <Filter>playerbot</Filter>
    </ClInclude>
    <ClInclude Include="..\..\src\game\playerbot\strategy\generic\StayCircleStrategy.h">
      <Filter>playerbot</Filter>
    </ClInclude>
    <ClInclude Include="..\..\src\game\playerbot\strategy\generic\StayCombatStrategy.h">
      <Filter>playerbot</Filter>
    </ClInclude>
    <ClInclude Include="..\..\src\game\playerbot\strategy\generic\StayLineStrategy.h">
      <Filter>playerbot</Filter>
    </ClInclude>
    <ClInclude Include="..\..\src\game\playerbot\strategy\generic\StayStrategy.h">
      <Filter>playerbot</Filter>
    </ClInclude>
    <ClInclude Include="..\..\src\game\playerbot\strategy\generic\TankAoeStrategy.h">
      <Filter>playerbot</Filter>
    </ClInclude>
    <ClInclude Include="..\..\src\game\playerbot\strategy\generic\TankAssistStrategy.h">
      <Filter>playerbot</Filter>
    </ClInclude>
    <ClInclude Include="..\..\src\game\playerbot\strategy\generic\TellTargetStrategy.h">
      <Filter>playerbot</Filter>
    </ClInclude>
    <ClInclude Include="..\..\src\game\playerbot\strategy\generic\ThreatStrategy.h">
      <Filter>playerbot</Filter>
    </ClInclude>
    <ClInclude Include="..\..\src\game\playerbot\strategy\generic\UseFoodStrategy.h">
      <Filter>playerbot</Filter>
    </ClInclude>
    <ClInclude Include="..\..\src\game\playerbot\strategy\generic\UsePotionsStrategy.h">
      <Filter>playerbot</Filter>
    </ClInclude>
    <ClInclude Include="..\..\src\game\playerbot\strategy\generic\WorldPacketHandlerStrategy.h">
      <Filter>playerbot</Filter>
    </ClInclude>
    <ClInclude Include="..\..\src\game\playerbot\strategy\hunter\DpsHunterStrategy.h">
      <Filter>playerbot</Filter>
    </ClInclude>
    <ClInclude Include="..\..\src\game\playerbot\strategy\hunter\GenericHunterNonCombatStrategy.h">
      <Filter>playerbot</Filter>
    </ClInclude>
    <ClInclude Include="..\..\src\game\playerbot\strategy\hunter\GenericHunterStrategy.h">
      <Filter>playerbot</Filter>
    </ClInclude>
    <ClInclude Include="..\..\src\game\playerbot\strategy\hunter\HunterActions.h">
      <Filter>playerbot</Filter>
    </ClInclude>
    <ClInclude Include="..\..\src\game\playerbot\strategy\hunter\HunterAiObjectContext.h">
      <Filter>playerbot</Filter>
    </ClInclude>
    <ClInclude Include="..\..\src\game\playerbot\strategy\hunter\HunterBuffStrategies.h">
      <Filter>playerbot</Filter>
    </ClInclude>
    <ClInclude Include="..\..\src\game\playerbot\strategy\hunter\HunterMultipliers.h">
      <Filter>playerbot</Filter>
    </ClInclude>
    <ClInclude Include="..\..\src\game\playerbot\strategy\hunter\HunterTriggers.h">
      <Filter>playerbot</Filter>
    </ClInclude>
    <ClInclude Include="..\..\src\game\playerbot\strategy\ItemVisitors.h">
      <Filter>playerbot</Filter>
    </ClInclude>
    <ClInclude Include="..\..\src\game\playerbot\strategy\mage\ArcaneMageStrategy.h">
      <Filter>playerbot</Filter>
    </ClInclude>
    <ClInclude Include="..\..\src\game\playerbot\strategy\mage\FireMageStrategy.h">
      <Filter>playerbot</Filter>
    </ClInclude>
    <ClInclude Include="..\..\src\game\playerbot\strategy\mage\FrostMageStrategy.h">
      <Filter>playerbot</Filter>
    </ClInclude>
    <ClInclude Include="..\..\src\game\playerbot\strategy\mage\GenericMageNonCombatStrategy.h">
      <Filter>playerbot</Filter>
    </ClInclude>
    <ClInclude Include="..\..\src\game\playerbot\strategy\mage\GenericMageStrategy.h">
      <Filter>playerbot</Filter>
    </ClInclude>
    <ClInclude Include="..\..\src\game\playerbot\strategy\mage\MageActions.h">
      <Filter>playerbot</Filter>
    </ClInclude>
    <ClInclude Include="..\..\src\game\playerbot\strategy\mage\MageAiObjectContext.h">
      <Filter>playerbot</Filter>
    </ClInclude>
    <ClInclude Include="..\..\src\game\playerbot\strategy\mage\MageMultipliers.h">
      <Filter>playerbot</Filter>
    </ClInclude>
    <ClInclude Include="..\..\src\game\playerbot\strategy\mage\MageTriggers.h">
      <Filter>playerbot</Filter>
    </ClInclude>
    <ClInclude Include="..\..\src\game\playerbot\strategy\Multiplier.h">
      <Filter>playerbot</Filter>
    </ClInclude>
    <ClInclude Include="..\..\src\game\playerbot\strategy\NamedObjectContext.h">
      <Filter>playerbot</Filter>
    </ClInclude>
    <ClInclude Include="..\..\src\game\playerbot\strategy\paladin\DpsPaladinStrategy.h">
      <Filter>playerbot</Filter>
    </ClInclude>
    <ClInclude Include="..\..\src\game\playerbot\strategy\paladin\GenericPaladinNonCombatStrategy.h">
      <Filter>playerbot</Filter>
    </ClInclude>
    <ClInclude Include="..\..\src\game\playerbot\strategy\paladin\GenericPaladinStrategy.h">
      <Filter>playerbot</Filter>
    </ClInclude>
    <ClInclude Include="..\..\src\game\playerbot\strategy\paladin\GenericPaladinStrategyActionNodeFactory.h">
      <Filter>playerbot</Filter>
    </ClInclude>
    <ClInclude Include="..\..\src\game\playerbot\strategy\paladin\PaladinActions.h">
      <Filter>playerbot</Filter>
    </ClInclude>
    <ClInclude Include="..\..\src\game\playerbot\strategy\paladin\PaladinAiObjectContext.h">
      <Filter>playerbot</Filter>
    </ClInclude>
    <ClInclude Include="..\..\src\game\playerbot\strategy\paladin\PaladinBuffStrategies.h">
      <Filter>playerbot</Filter>
    </ClInclude>
    <ClInclude Include="..\..\src\game\playerbot\strategy\paladin\PaladinMultipliers.h">
      <Filter>playerbot</Filter>
    </ClInclude>
    <ClInclude Include="..\..\src\game\playerbot\strategy\paladin\PaladinTriggers.h">
      <Filter>playerbot</Filter>
    </ClInclude>
    <ClInclude Include="..\..\src\game\playerbot\strategy\paladin\TankPaladinStrategy.h">
      <Filter>playerbot</Filter>
    </ClInclude>
    <ClInclude Include="..\..\src\game\playerbot\strategy\PassiveMultiplier.h">
      <Filter>playerbot</Filter>
    </ClInclude>
    <ClInclude Include="..\..\src\game\playerbot\strategy\priest\GenericPriestStrategy.h">
      <Filter>playerbot</Filter>
    </ClInclude>
    <ClInclude Include="..\..\src\game\playerbot\strategy\priest\GenericPriestStrategyActionNodeFactory.h">
      <Filter>playerbot</Filter>
    </ClInclude>
    <ClInclude Include="..\..\src\game\playerbot\strategy\priest\HealPriestStrategy.h">
      <Filter>playerbot</Filter>
    </ClInclude>
    <ClInclude Include="..\..\src\game\playerbot\strategy\priest\PriestActions.h">
      <Filter>playerbot</Filter>
    </ClInclude>
    <ClInclude Include="..\..\src\game\playerbot\strategy\priest\PriestAiObjectContext.h">
      <Filter>playerbot</Filter>
    </ClInclude>
    <ClInclude Include="..\..\src\game\playerbot\strategy\priest\PriestMultipliers.h">
      <Filter>playerbot</Filter>
    </ClInclude>
    <ClInclude Include="..\..\src\game\playerbot\strategy\priest\PriestNonCombatStrategy.h">
      <Filter>playerbot</Filter>
    </ClInclude>
    <ClInclude Include="..\..\src\game\playerbot\strategy\priest\PriestNonCombatStrategyActionNodeFactory.h">
      <Filter>playerbot</Filter>
    </ClInclude>
    <ClInclude Include="..\..\src\game\playerbot\strategy\priest\PriestTriggers.h">
      <Filter>playerbot</Filter>
    </ClInclude>
    <ClInclude Include="..\..\src\game\playerbot\strategy\priest\ShadowPriestStrategy.h">
      <Filter>playerbot</Filter>
    </ClInclude>
    <ClInclude Include="..\..\src\game\playerbot\strategy\priest\ShadowPriestStrategyActionNodeFactory.h">
      <Filter>playerbot</Filter>
    </ClInclude>
    <ClInclude Include="..\..\src\game\playerbot\strategy\Queue.h">
      <Filter>playerbot</Filter>
    </ClInclude>
    <ClInclude Include="..\..\src\game\playerbot\strategy\rogue\DpsRogueStrategy.h">
      <Filter>playerbot</Filter>
    </ClInclude>
    <ClInclude Include="..\..\src\game\playerbot\strategy\rogue\GenericRogueNonCombatStrategy.h">
      <Filter>playerbot</Filter>
    </ClInclude>
    <ClInclude Include="..\..\src\game\playerbot\strategy\rogue\RogueActions.h">
      <Filter>playerbot</Filter>
    </ClInclude>
    <ClInclude Include="..\..\src\game\playerbot\strategy\rogue\RogueAiObjectContext.h">
      <Filter>playerbot</Filter>
    </ClInclude>
    <ClInclude Include="..\..\src\game\playerbot\strategy\rogue\RogueComboActions.h">
      <Filter>playerbot</Filter>
    </ClInclude>
    <ClInclude Include="..\..\src\game\playerbot\strategy\rogue\RogueFinishingActions.h">
      <Filter>playerbot</Filter>
    </ClInclude>
    <ClInclude Include="..\..\src\game\playerbot\strategy\rogue\RogueMultipliers.h">
      <Filter>playerbot</Filter>
    </ClInclude>
    <ClInclude Include="..\..\src\game\playerbot\strategy\rogue\RogueOpeningActions.h">
      <Filter>playerbot</Filter>
    </ClInclude>
    <ClInclude Include="..\..\src\game\playerbot\strategy\rogue\RogueTriggers.h">
      <Filter>playerbot</Filter>
    </ClInclude>
    <ClInclude Include="..\..\src\game\playerbot\strategy\shaman\CasterShamanStrategy.h">
      <Filter>playerbot</Filter>
    </ClInclude>
    <ClInclude Include="..\..\src\game\playerbot\strategy\shaman\GenericShamanStrategy.h">
      <Filter>playerbot</Filter>
    </ClInclude>
    <ClInclude Include="..\..\src\game\playerbot\strategy\shaman\HealShamanStrategy.h">
      <Filter>playerbot</Filter>
    </ClInclude>
    <ClInclude Include="..\..\src\game\playerbot\strategy\shaman\MeleeShamanStrategy.h">
      <Filter>playerbot</Filter>
    </ClInclude>
    <ClInclude Include="..\..\src\game\playerbot\strategy\shaman\ShamanActions.h">
      <Filter>playerbot</Filter>
    </ClInclude>
    <ClInclude Include="..\..\src\game\playerbot\strategy\shaman\ShamanAiObjectContext.h">
      <Filter>playerbot</Filter>
    </ClInclude>
    <ClInclude Include="..\..\src\game\playerbot\strategy\shaman\ShamanMultipliers.h">
      <Filter>playerbot</Filter>
    </ClInclude>
    <ClInclude Include="..\..\src\game\playerbot\strategy\shaman\ShamanNonCombatStrategy.h">
      <Filter>playerbot</Filter>
    </ClInclude>
    <ClInclude Include="..\..\src\game\playerbot\strategy\shaman\ShamanTriggers.h">
      <Filter>playerbot</Filter>
    </ClInclude>
    <ClInclude Include="..\..\src\game\playerbot\strategy\shaman\TotemsShamanStrategy.h">
      <Filter>playerbot</Filter>
    </ClInclude>
    <ClInclude Include="..\..\src\game\playerbot\strategy\Strategy.h">
      <Filter>playerbot</Filter>
    </ClInclude>
    <ClInclude Include="..\..\src\game\playerbot\strategy\StrategyContext.h">
      <Filter>playerbot</Filter>
    </ClInclude>
    <ClInclude Include="..\..\src\game\playerbot\strategy\Trigger.h">
      <Filter>playerbot</Filter>
    </ClInclude>
    <ClInclude Include="..\..\src\game\playerbot\strategy\triggers\ChatCommandTrigger.h">
      <Filter>playerbot</Filter>
    </ClInclude>
    <ClInclude Include="..\..\src\game\playerbot\strategy\triggers\ChatTriggerContext.h">
      <Filter>playerbot</Filter>
    </ClInclude>
    <ClInclude Include="..\..\src\game\playerbot\strategy\triggers\CureTriggers.h">
      <Filter>playerbot</Filter>
    </ClInclude>
    <ClInclude Include="..\..\src\game\playerbot\strategy\triggers\GenericTriggers.h">
      <Filter>playerbot</Filter>
    </ClInclude>
    <ClInclude Include="..\..\src\game\playerbot\strategy\triggers\HealthTriggers.h">
      <Filter>playerbot</Filter>
    </ClInclude>
    <ClInclude Include="..\..\src\game\playerbot\strategy\triggers\LootTriggers.h">
      <Filter>playerbot</Filter>
    </ClInclude>
    <ClInclude Include="..\..\src\game\playerbot\strategy\triggers\RangeTriggers.h">
      <Filter>playerbot</Filter>
    </ClInclude>
    <ClInclude Include="..\..\src\game\playerbot\strategy\triggers\TriggerContext.h">
      <Filter>playerbot</Filter>
    </ClInclude>
    <ClInclude Include="..\..\src\game\playerbot\strategy\triggers\WithinAreaTrigger.h">
      <Filter>playerbot</Filter>
    </ClInclude>
    <ClInclude Include="..\..\src\game\playerbot\strategy\triggers\WorldPacketTrigger.h">
      <Filter>playerbot</Filter>
    </ClInclude>
    <ClInclude Include="..\..\src\game\playerbot\strategy\triggers\WorldPacketTriggerContext.h">
      <Filter>playerbot</Filter>
    </ClInclude>
    <ClInclude Include="..\..\src\game\playerbot\strategy\Value.h">
      <Filter>playerbot</Filter>
    </ClInclude>
    <ClInclude Include="..\..\src\game\playerbot\strategy\values\AlwaysLootListValue.h">
      <Filter>playerbot</Filter>
    </ClInclude>
    <ClInclude Include="..\..\src\game\playerbot\strategy\values\AoeHealValues.h">
      <Filter>playerbot</Filter>
    </ClInclude>
    <ClInclude Include="..\..\src\game\playerbot\strategy\values\AttackerCountValues.h">
      <Filter>playerbot</Filter>
    </ClInclude>
    <ClInclude Include="..\..\src\game\playerbot\strategy\values\AttackersValue.h">
      <Filter>playerbot</Filter>
    </ClInclude>
    <ClInclude Include="..\..\src\game\playerbot\strategy\values\AvailableLootValue.h">
      <Filter>playerbot</Filter>
    </ClInclude>
    <ClInclude Include="..\..\src\game\playerbot\strategy\values\CcTargetValue.h">
      <Filter>playerbot</Filter>
    </ClInclude>
    <ClInclude Include="..\..\src\game\playerbot\strategy\values\ChatValue.h">
      <Filter>playerbot</Filter>
    </ClInclude>
    <ClInclude Include="..\..\src\game\playerbot\strategy\values\CurrentCcTargetValue.h">
      <Filter>playerbot</Filter>
    </ClInclude>
    <ClInclude Include="..\..\src\game\playerbot\strategy\values\CurrentTargetValue.h">
      <Filter>playerbot</Filter>
    </ClInclude>
    <ClInclude Include="..\..\src\game\playerbot\strategy\values\DistanceValue.h">
      <Filter>playerbot</Filter>
    </ClInclude>
    <ClInclude Include="..\..\src\game\playerbot\strategy\values\DpsTargetValue.h">
      <Filter>playerbot</Filter>
    </ClInclude>
    <ClInclude Include="..\..\src\game\playerbot\strategy\values\GrindTargetValue.h">
      <Filter>playerbot</Filter>
    </ClInclude>
    <ClInclude Include="..\..\src\game\playerbot\strategy\values\HasAvailableLootValue.h">
      <Filter>playerbot</Filter>
    </ClInclude>
    <ClInclude Include="..\..\src\game\playerbot\strategy\values\HasTotemValue.h">
      <Filter>playerbot</Filter>
    </ClInclude>
    <ClInclude Include="..\..\src\game\playerbot\strategy\values\IsBehindValue.h">
      <Filter>playerbot</Filter>
    </ClInclude>
    <ClInclude Include="..\..\src\game\playerbot\strategy\values\IsFacingValue.h">
      <Filter>playerbot</Filter>
    </ClInclude>
    <ClInclude Include="..\..\src\game\playerbot\strategy\values\IsMovingValue.h">
      <Filter>playerbot</Filter>
    </ClInclude>
    <ClInclude Include="..\..\src\game\playerbot\strategy\values\ItemCountValue.h">
      <Filter>playerbot</Filter>
    </ClInclude>
    <ClInclude Include="..\..\src\game\playerbot\strategy\values\ItemForSpellValue.h">
      <Filter>playerbot</Filter>
    </ClInclude>
    <ClInclude Include="..\..\src\game\playerbot\strategy\values\LastMovementValue.h">
      <Filter>playerbot</Filter>
    </ClInclude>
    <ClInclude Include="..\..\src\game\playerbot\strategy\values\LastSpellCastValue.h">
      <Filter>playerbot</Filter>
    </ClInclude>
    <ClInclude Include="..\..\src\game\playerbot\strategy\values\LeastHpTargetValue.h">
      <Filter>playerbot</Filter>
    </ClInclude>
    <ClInclude Include="..\..\src\game\playerbot\strategy\values\LineTargetValue.h">
      <Filter>playerbot</Filter>
    </ClInclude>
    <ClInclude Include="..\..\src\game\playerbot\strategy\values\LogLevelValue.h">
      <Filter>playerbot</Filter>
    </ClInclude>
    <ClInclude Include="..\..\src\game\playerbot\strategy\values\LootStrategyValue.h">
      <Filter>playerbot</Filter>
    </ClInclude>
    <ClInclude Include="..\..\src\game\playerbot\strategy\values\MasterTargetValue.h">
      <Filter>playerbot</Filter>
    </ClInclude>
    <ClInclude Include="..\..\src\game\playerbot\strategy\values\NearestAdsValue.h">
      <Filter>playerbot</Filter>
    </ClInclude>
    <ClInclude Include="..\..\src\game\playerbot\strategy\values\NearestCorpsesValue.h">
      <Filter>playerbot</Filter>
    </ClInclude>
    <ClInclude Include="..\..\src\game\playerbot\strategy\values\NearestGameObjects.h">
      <Filter>playerbot</Filter>
    </ClInclude>
    <ClInclude Include="..\..\src\game\playerbot\strategy\values\NearestNpcsValue.h">
      <Filter>playerbot</Filter>
    </ClInclude>
    <ClInclude Include="..\..\src\game\playerbot\strategy\values\NearestUnitsValue.h">
      <Filter>playerbot</Filter>
    </ClInclude>
    <ClInclude Include="..\..\src\game\playerbot\strategy\values\PartyMemberToDispel.h">
      <Filter>playerbot</Filter>
    </ClInclude>
    <ClInclude Include="..\..\src\game\playerbot\strategy\values\PartyMemberToHeal.h">
      <Filter>playerbot</Filter>
    </ClInclude>
    <ClInclude Include="..\..\src\game\playerbot\strategy\values\PartyMemberToResurrect.h">
      <Filter>playerbot</Filter>
    </ClInclude>
    <ClInclude Include="..\..\src\game\playerbot\strategy\values\PartyMemberValue.h">
      <Filter>playerbot</Filter>
    </ClInclude>
    <ClInclude Include="..\..\src\game\playerbot\strategy\values\PartyMemberWithoutAuraValue.h">
      <Filter>playerbot</Filter>
    </ClInclude>
    <ClInclude Include="..\..\src\game\playerbot\strategy\values\PetTargetValue.h">
      <Filter>playerbot</Filter>
    </ClInclude>
    <ClInclude Include="..\..\src\game\playerbot\strategy\values\PositionValue.h">
      <Filter>playerbot</Filter>
    </ClInclude>
    <ClInclude Include="..\..\src\game\playerbot\strategy\values\PossibleTargetsValue.h">
      <Filter>playerbot</Filter>
    </ClInclude>
    <ClInclude Include="..\..\src\game\playerbot\strategy\values\RtiTargetValue.h">
      <Filter>playerbot</Filter>
    </ClInclude>
    <ClInclude Include="..\..\src\game\playerbot\strategy\values\RtiValue.h">
      <Filter>playerbot</Filter>
    </ClInclude>
    <ClInclude Include="..\..\src\game\playerbot\strategy\values\SelfTargetValue.h">
      <Filter>playerbot</Filter>
    </ClInclude>
    <ClInclude Include="..\..\src\game\playerbot\strategy\values\SharedValueContext.h">
      <Filter>playerbot</Filter>
    </ClInclude>
    <ClInclude Include="..\..\src\game\playerbot\strategy\values\SpellCastUsefulValue.h">
      <Filter>playerbot</Filter>
    </ClInclude>
    <ClInclude Include="..\..\src\game\playerbot\strategy\values\SpellIdValue.h">
      <Filter>playerbot</Filter>
    </ClInclude>
    <ClInclude Include="..\..\src\game\playerbot\strategy\values\StatsValues.h">
      <Filter>playerbot</Filter>
    </ClInclude>
    <ClInclude Include="..\..\src\game\playerbot\strategy\values\TankTargetValue.h">
      <Filter>playerbot</Filter>
    </ClInclude>
    <ClInclude Include="..\..\src\game\playerbot\strategy\values\TargetValue.h">
      <Filter>playerbot</Filter>
    </ClInclude>
    <ClInclude Include="..\..\src\game\playerbot\strategy\values\ThreatValues.h">
      <Filter>playerbot</Filter>
    </ClInclude>
    <ClInclude Include="..\..\src\game\playerbot\strategy\values\ValueContext.h">
      <Filter>playerbot</Filter>
    </ClInclude>
    <ClInclude Include="..\..\src\game\playerbot\strategy\warlock\DpsWarlockStrategy.h">
      <Filter>playerbot</Filter>
    </ClInclude>
    <ClInclude Include="..\..\src\game\playerbot\strategy\warlock\GenericWarlockNonCombatStrategy.h">
      <Filter>playerbot</Filter>
    </ClInclude>
    <ClInclude Include="..\..\src\game\playerbot\strategy\warlock\GenericWarlockStrategy.h">
      <Filter>playerbot</Filter>
    </ClInclude>
    <ClInclude Include="..\..\src\game\playerbot\strategy\warlock\TankWarlockStrategy.h">
      <Filter>playerbot</Filter>
    </ClInclude>
    <ClInclude Include="..\..\src\game\playerbot\strategy\warlock\WarlockActions.h">
      <Filter>playerbot</Filter>
    </ClInclude>
    <ClInclude Include="..\..\src\game\playerbot\strategy\warlock\WarlockAiObjectContext.h">
      <Filter>playerbot</Filter>
    </ClInclude>
    <ClInclude Include="..\..\src\game\playerbot\strategy\warlock\WarlockMultipliers.h">
      <Filter>playerbot</Filter>
    </ClInclude>
    <ClInclude Include="..\..\src\game\playerbot\strategy\warlock\WarlockTriggers.h">
      <Filter>playerbot</Filter>
    </ClInclude>
    <ClInclude Include="..\..\src\game\playerbot\strategy\warrior\DpsWarriorStrategy.h">
      <Filter>playerbot</Filter>
    </ClInclude>
    <ClInclude Include="..\..\src\game\playerbot\strategy\warrior\GenericWarriorNonCombatStrategy.h">
      <Filter>playerbot</Filter>
    </ClInclude>
    <ClInclude Include="..\..\src\game\playerbot\strategy\warrior\GenericWarriorStrategy.h">
      <Filter>playerbot</Filter>
    </ClInclude>
    <ClInclude Include="..\..\src\game\playerbot\strategy\warrior\TankWarriorStrategy.h">
      <Filter>playerbot</Filter>
    </ClInclude>
    <ClInclude Include="..\..\src\game\playerbot\strategy\warrior\WarriorActions.h">
      <Filter>playerbot</Filter>
    </ClInclude>
    <ClInclude Include="..\..\src\game\playerbot\strategy\warrior\WarriorAiObjectContext.h">
      <Filter>playerbot</Filter>
    </ClInclude>
    <ClInclude Include="..\..\src\game\playerbot\strategy\warrior\WarriorMultipliers.h">
      <Filter>playerbot</Filter>
    </ClInclude>
    <ClInclude Include="..\..\src\game\playerbot\strategy\warrior\WarriorTriggers.h">
      <Filter>playerbot</Filter>
    </ClInclude>
    <ClInclude Include="..\..\src\game\playerbot\AiFactory.h">
      <Filter>playerbot</Filter>
    </ClInclude>
    <ClInclude Include="..\..\src\game\playerbot\ChatFilter.h">
      <Filter>playerbot</Filter>
    </ClInclude>
    <ClInclude Include="..\..\src\game\playerbot\ChatHelper.h">
      <Filter>playerbot</Filter>
    </ClInclude>
    <ClInclude Include="..\..\src\game\playerbot\FleeManager.h">
      <Filter>playerbot</Filter>
    </ClInclude>
    <ClInclude Include="..\..\src\game\playerbot\LazyCalculatedValue.h">
      <Filter>playerbot</Filter>
    </ClInclude>
    <ClInclude Include="..\..\src\game\playerbot\LootObjectStack.h">
      <Filter>playerbot</Filter>
    </ClInclude>
    <ClInclude Include="..\..\src\game\playerbot\playerbot.h">
      <Filter>playerbot</Filter>
    </ClInclude>
    <ClInclude Include="..\..\src\game\playerbot\PlayerbotAI.h">
      <Filter>playerbot</Filter>
    </ClInclude>
    <ClInclude Include="..\..\src\game\playerbot\PlayerbotAIAware.h">
      <Filter>playerbot</Filter>
    </ClInclude>
    <ClInclude Include="..\..\src\game\playerbot\PlayerbotAIBase.h">
      <Filter>playerbot</Filter>
    </ClInclude>
    <ClInclude Include="..\..\src\game\playerbot\PlayerbotAIConfig.h">
      <Filter>playerbot</Filter>
    </ClInclude>
    <ClInclude Include="..\..\src\game\playerbot\playerbotDefs.h">
      <Filter>playerbot</Filter>
    </ClInclude>
    <ClInclude Include="..\..\src\game\playerbot\PlayerbotFactory.h">
      <Filter>playerbot</Filter>
    </ClInclude>
    <ClInclude Include="..\..\src\game\playerbot\PlayerbotMgr.h">
      <Filter>playerbot</Filter>
    </ClInclude>
    <ClInclude Include="..\..\src\game\playerbot\RandomPlayerbotMgr.h">
      <Filter>playerbot</Filter>
    </ClInclude>
    <ClInclude Include="..\..\src\game\ahbot\AhBot.h">
      <Filter>ahbot</Filter>
    </ClInclude>
    <ClInclude Include="..\..\src\game\ahbot\AhBotConfig.h">
      <Filter>ahbot</Filter>
    </ClInclude>
    <ClInclude Include="..\..\src\game\ahbot\Category.h">
      <Filter>ahbot</Filter>
    </ClInclude>
    <ClInclude Include="..\..\src\game\ahbot\ConsumableCategory.h">
      <Filter>ahbot</Filter>
    </ClInclude>
    <ClInclude Include="..\..\src\game\ahbot\ItemBag.h">
      <Filter>ahbot</Filter>
    </ClInclude>
    <ClInclude Include="..\..\src\game\ahbot\PricingStrategy.h">
      <Filter>ahbot</Filter>
    </ClInclude>
    <ClInclude Include="..\..\src\game\ahbot\TradeCategory.h">
      <Filter>ahbot</Filter>
    </ClInclude>
    <ClInclude Include="..\..\src\game\BattleGround\BattleGround.h" />
    <ClInclude Include="..\..\src\game\BattleGround\BattleGroundAA.h" />
    <ClInclude Include="..\..\src\game\BattleGround\BattleGroundAB.h" />
    <ClInclude Include="..\..\src\game\BattleGround\BattleGroundAV.h" />
    <ClInclude Include="..\..\src\game\BattleGround\BattleGroundBE.h" />
    <ClInclude Include="..\..\src\game\BattleGround\BattleGroundDS.h" />
    <ClInclude Include="..\..\src\game\BattleGround\BattleGroundEY.h" />
    <ClInclude Include="..\..\src\game\BattleGround\BattleGroundIC.h" />
    <ClInclude Include="..\..\src\game\BattleGround\BattleGroundMgr.h" />
    <ClInclude Include="..\..\src\game\BattleGround\BattleGroundNA.h" />
    <ClInclude Include="..\..\src\game\BattleGround\BattleGroundRB.h" />
    <ClInclude Include="..\..\src\game\BattleGround\BattleGroundRL.h" />
    <ClInclude Include="..\..\src\game\BattleGround\BattleGroundRV.h" />
    <ClInclude Include="..\..\src\game\BattleGround\BattleGroundSA.h" />
    <ClInclude Include="..\..\src\game\BattleGround\BattleGroundWS.h" />
    <ClInclude Include="..\..\src\game\WorldObjectEvents.h" />
  </ItemGroup>
  <ItemGroup>
    <Filter Include="playerbot">
      <UniqueIdentifier>{b42da3a5-727a-47d7-99e3-3ed3f8bf8816}</UniqueIdentifier>
    </Filter>
    <Filter Include="ahbot">
      <UniqueIdentifier>{71f56208-d740-4af5-b9e6-f8c667002e30}</UniqueIdentifier>
    </Filter>
  </ItemGroup>
  <ItemGroup>
    <None Include="..\..\src\game\playerbot\aiplayerbot.conf.dist.in">
      <Filter>playerbot</Filter>
    </None>
    <None Include="..\..\src\game\ahbot\ahbot.conf.dist.in">
      <Filter>ahbot</Filter>
    </None>
  </ItemGroup>
</Project>