<?xml version="1.0" encoding="utf-8"?>
<Project ToolsVersion="4.0" xmlns="http://schemas.microsoft.com/developer/msbuild/2003">
  <ItemGroup>
    <ClCompile Include="..\src\plugins\pchdef.cpp" />
    <ClCompile Include="..\src\plugins\ahbot\AhBot.cpp" />
    <ClCompile Include="..\src\plugins\ahbot\AhBotConfig.cpp" />
    <ClCompile Include="..\src\plugins\ahbot\Category.cpp" />
    <ClCompile Include="..\src\plugins\ahbot\ConsumableCategory.cpp" />
    <ClCompile Include="..\src\plugins\ahbot\ItemBag.cpp" />
    <ClCompile Include="..\src\plugins\ahbot\PricingStrategy.cpp" />
    <ClCompile Include="..\src\plugins\ahbot\TradeCategory.cpp" />
    <ClCompile Include="..\src\plugins\playerbot\AiFactory.cpp" />
    <ClCompile Include="..\src\plugins\playerbot\ChatFilter.cpp" />
    <ClCompile Include="..\src\plugins\playerbot\ChatHelper.cpp" />
    <ClCompile Include="..\src\plugins\playerbot\FleeManager.cpp" />
    <ClCompile Include="..\src\plugins\playerbot\Helpers.cpp" />
    <ClCompile Include="..\src\plugins\playerbot\LootObjectStack.cpp" />
    <ClCompile Include="..\src\plugins\playerbot\PlayerbotAI.cpp" />
    <ClCompile Include="..\src\plugins\playerbot\PlayerbotAIBase.cpp" />
    <ClCompile Include="..\src\plugins\playerbot\PlayerbotAIConfig.cpp" />
    <ClCompile Include="..\src\plugins\playerbot\PlayerbotFactory.cpp" />
    <ClCompile Include="..\src\plugins\playerbot\PlayerbotMgr.cpp" />
    <ClCompile Include="..\src\plugins\playerbot\PlayerbotSecurity.cpp" />
    <ClCompile Include="..\src\plugins\playerbot\RandomPlayerbotFactory.cpp" />
    <ClCompile Include="..\src\plugins\playerbot\RandomPlayerbotMgr.cpp" />
    <ClCompile Include="..\src\plugins\playerbot\strategy\Action.cpp" />
    <ClCompile Include="..\src\plugins\playerbot\strategy\ActionBasket.cpp" />
    <ClCompile Include="..\src\plugins\playerbot\strategy\AiObject.cpp" />
    <ClCompile Include="..\src\plugins\playerbot\strategy\AiObjectContext.cpp" />
    <ClCompile Include="..\src\plugins\playerbot\strategy\Engine.cpp" />
    <ClCompile Include="..\src\plugins\playerbot\strategy\Event.cpp" />
    <ClCompile Include="..\src\plugins\playerbot\strategy\Multiplier.cpp" />
    <ClCompile Include="..\src\plugins\playerbot\strategy\PassiveMultiplier.cpp" />
    <ClCompile Include="..\src\plugins\playerbot\strategy\Queue.cpp" />
    <ClCompile Include="..\src\plugins\playerbot\strategy\Strategy.cpp" />
    <ClCompile Include="..\src\plugins\playerbot\strategy\Trigger.cpp" />
    <ClCompile Include="..\src\plugins\playerbot\strategy\Value.cpp" />
    <ClCompile Include="..\src\plugins\playerbot\strategy\actions\AcceptQuestAction.cpp" />
    <ClCompile Include="..\src\plugins\playerbot\strategy\actions\AddLootAction.cpp" />
    <ClCompile Include="..\src\plugins\playerbot\strategy\actions\AreaTriggerAction.cpp" />
    <ClCompile Include="..\src\plugins\playerbot\strategy\actions\AttackAction.cpp" />
    <ClCompile Include="..\src\plugins\playerbot\strategy\actions\BankAction.cpp" />
    <ClCompile Include="..\src\plugins\playerbot\strategy\actions\BuffAction.cpp" />
    <ClCompile Include="..\src\plugins\playerbot\strategy\actions\BuyAction.cpp" />
    <ClCompile Include="..\src\plugins\playerbot\strategy\actions\CastCustomSpellAction.cpp" />
    <ClCompile Include="..\src\plugins\playerbot\strategy\actions\ChangeChatAction.cpp" />
    <ClCompile Include="..\src\plugins\playerbot\strategy\actions\ChangeStrategyAction.cpp" />
    <ClCompile Include="..\src\plugins\playerbot\strategy\actions\ChangeTalentsAction.cpp" />
    <ClCompile Include="..\src\plugins\playerbot\strategy\actions\ChatShortcutActions.cpp" />
    <ClCompile Include="..\src\plugins\playerbot\strategy\actions\CheckMountStateAction.cpp" />
    <ClCompile Include="..\src\plugins\playerbot\strategy\actions\DestroyItemAction.cpp" />
    <ClCompile Include="..\src\plugins\playerbot\strategy\actions\DropQuestAction.cpp" />
    <ClCompile Include="..\src\plugins\playerbot\strategy\actions\EmoteAction.cpp" />
    <ClCompile Include="..\src\plugins\playerbot\strategy\actions\EquipAction.cpp" />
    <ClCompile Include="..\src\plugins\playerbot\strategy\actions\FollowActions.cpp" />
    <ClCompile Include="..\src\plugins\playerbot\strategy\actions\GenericActions.cpp" />
    <ClCompile Include="..\src\plugins\playerbot\strategy\actions\GenericSpellActions.cpp" />
    <ClCompile Include="..\src\plugins\playerbot\strategy\actions\GossipHelloAction.cpp" />
    <ClCompile Include="..\src\plugins\playerbot\strategy\actions\GuildAcceptAction.cpp" />
    <ClCompile Include="..\src\plugins\playerbot\strategy\actions\GuildBankAction.cpp" />
    <ClCompile Include="..\src\plugins\playerbot\strategy\actions\HelpAction.cpp" />
    <ClCompile Include="..\src\plugins\playerbot\strategy\actions\InventoryAction.cpp" />
    <ClCompile Include="..\src\plugins\playerbot\strategy\actions\InventoryChangeFailureAction.cpp" />
    <ClCompile Include="..\src\plugins\playerbot\strategy\actions\LfgActions.cpp" />
    <ClCompile Include="..\src\plugins\playerbot\strategy\actions\ListQuestsActions.cpp" />
    <ClCompile Include="..\src\plugins\playerbot\strategy\actions\ListSpellsAction.cpp" />
    <ClCompile Include="..\src\plugins\playerbot\strategy\actions\LogLevelAction.cpp" />
    <ClCompile Include="..\src\plugins\playerbot\strategy\actions\LootAction.cpp" />
    <ClCompile Include="..\src\plugins\playerbot\strategy\actions\LootRollAction.cpp" />
    <ClCompile Include="..\src\plugins\playerbot\strategy\actions\LootStrategyAction.cpp" />
    <ClCompile Include="..\src\plugins\playerbot\strategy\actions\MovementActions.cpp" />
    <ClCompile Include="..\src\plugins\playerbot\strategy\actions\NonCombatActions.cpp" />
    <ClCompile Include="..\src\plugins\playerbot\strategy\actions\PositionAction.cpp" />
    <ClCompile Include="..\src\plugins\playerbot\strategy\actions\QueryItemUsageAction.cpp" />
    <ClCompile Include="..\src\plugins\playerbot\strategy\actions\QueryQuestAction.cpp" />
    <ClCompile Include="..\src\plugins\playerbot\strategy\actions\QuestAction.cpp" />
    <ClCompile Include="..\src\plugins\playerbot\strategy\actions\ReadyCheckAction.cpp" />
    <ClCompile Include="..\src\plugins\playerbot\strategy\actions\RememberTaxiAction.cpp" />
    <ClCompile Include="..\src\plugins\playerbot\strategy\actions\RepairAllAction.cpp" />
    <ClCompile Include="..\src\plugins\playerbot\strategy\actions\ResetAiAction.cpp" />
    <ClCompile Include="..\src\plugins\playerbot\strategy\actions\ReviveFromCorpseAction.cpp" />
    <ClCompile Include="..\src\plugins\playerbot\strategy\actions\RewardAction.cpp" />
    <ClCompile Include="..\src\plugins\playerbot\strategy\actions\SaveManaAction.cpp" />
    <ClCompile Include="..\src\plugins\playerbot\strategy\actions\SecurityCheckAction.cpp" />
    <ClCompile Include="..\src\plugins\playerbot\strategy\actions\SellAction.cpp" />
    <ClCompile Include="..\src\plugins\playerbot\strategy\actions\SetHomeAction.cpp" />
    <ClCompile Include="..\src\plugins\playerbot\strategy\actions\StatsAction.cpp" />
    <ClCompile Include="..\src\plugins\playerbot\strategy\actions\StayActions.cpp" />
    <ClCompile Include="..\src\plugins\playerbot\strategy\actions\SuggestWhatToDoAction.cpp" />
    <ClCompile Include="..\src\plugins\playerbot\strategy\actions\TalkToQuestGiverAction.cpp" />
    <ClCompile Include="..\src\plugins\playerbot\strategy\actions\TaxiAction.cpp" />
    <ClCompile Include="..\src\plugins\playerbot\strategy\actions\TeleportAction.cpp" />
    <ClCompile Include="..\src\plugins\playerbot\strategy\actions\TellCastFailedAction.cpp" />
    <ClCompile Include="..\src\plugins\playerbot\strategy\actions\TellItemCountAction.cpp" />
    <ClCompile Include="..\src\plugins\playerbot\strategy\actions\TellLosAction.cpp" />
    <ClCompile Include="..\src\plugins\playerbot\strategy\actions\TellReputationAction.cpp" />
    <ClCompile Include="..\src\plugins\playerbot\strategy\actions\TellTargetAction.cpp" />
    <ClCompile Include="..\src\plugins\playerbot\strategy\actions\TradeAction.cpp" />
    <ClCompile Include="..\src\plugins\playerbot\strategy\actions\TradeStatusAction.cpp" />
    <ClCompile Include="..\src\plugins\playerbot\strategy\actions\TrainerAction.cpp" />
    <ClCompile Include="..\src\plugins\playerbot\strategy\actions\UnequipAction.cpp" />
    <ClCompile Include="..\src\plugins\playerbot\strategy\actions\UseItemAction.cpp" />
    <ClCompile Include="..\src\plugins\playerbot\strategy\actions\UseMeetingStoneAction.cpp" />
    <ClCompile Include="..\src\plugins\playerbot\strategy\actions\WhoAction.cpp" />
    <ClCompile Include="..\src\plugins\playerbot\strategy\druid\BearTankDruidStrategy.cpp" />
    <ClCompile Include="..\src\plugins\playerbot\strategy\druid\CasterDruidStrategy.cpp" />
    <ClCompile Include="..\src\plugins\playerbot\strategy\druid\CatDpsDruidStrategy.cpp" />
    <ClCompile Include="..\src\plugins\playerbot\strategy\druid\DruidActions.cpp" />
    <ClCompile Include="..\src\plugins\playerbot\strategy\druid\DruidAiObjectContext.cpp" />
    <ClCompile Include="..\src\plugins\playerbot\strategy\druid\DruidMultipliers.cpp" />
    <ClCompile Include="..\src\plugins\playerbot\strategy\druid\DruidTriggers.cpp" />
    <ClCompile Include="..\src\plugins\playerbot\strategy\druid\FeralDruidStrategy.cpp" />
    <ClCompile Include="..\src\plugins\playerbot\strategy\druid\GenericDruidNonCombatStrategy.cpp" />
    <ClCompile Include="..\src\plugins\playerbot\strategy\druid\GenericDruidStrategy.cpp" />
    <ClCompile Include="..\src\plugins\playerbot\strategy\druid\HealDruidStrategy.cpp" />
    <ClCompile Include="..\src\plugins\playerbot\strategy\generic\AttackEnemyPlayersStrategy.cpp" />
    <ClCompile Include="..\src\plugins\playerbot\strategy\generic\AttackRtiStrategy.cpp" />
    <ClCompile Include="..\src\plugins\playerbot\strategy\generic\AttackWeakStrategy.cpp" />
    <ClCompile Include="..\src\plugins\playerbot\strategy\generic\CastTimeStrategy.cpp" />
    <ClCompile Include="..\src\plugins\playerbot\strategy\generic\ChatCommandHandlerStrategy.cpp" />
    <ClCompile Include="..\src\plugins\playerbot\strategy\generic\CombatStrategy.cpp" />
    <ClCompile Include="..\src\plugins\playerbot\strategy\generic\ConserveManaStrategy.cpp" />
    <ClCompile Include="..\src\plugins\playerbot\strategy\generic\DeadStrategy.cpp" />
    <ClCompile Include="..\src\plugins\playerbot\strategy\generic\DpsAoeStrategy.cpp" />
    <ClCompile Include="..\src\plugins\playerbot\strategy\generic\DpsAssistStrategy.cpp" />
    <ClCompile Include="..\src\plugins\playerbot\strategy\generic\DuelStrategy.cpp" />
    <ClCompile Include="..\src\plugins\playerbot\strategy\generic\EmoteStrategy.cpp" />
    <ClCompile Include="..\src\plugins\playerbot\strategy\generic\FleeStrategy.cpp" />
    <ClCompile Include="..\src\plugins\playerbot\strategy\generic\FollowMasterStrategy.cpp" />
    <ClCompile Include="..\src\plugins\playerbot\strategy\generic\GrindingStrategy.cpp" />
    <ClCompile Include="..\src\plugins\playerbot\strategy\generic\GuardStrategy.cpp" />
    <ClCompile Include="..\src\plugins\playerbot\strategy\generic\KiteStrategy.cpp" />
    <ClCompile Include="..\src\plugins\playerbot\strategy\generic\LootNonCombatStrategy.cpp" />
    <ClCompile Include="..\src\plugins\playerbot\strategy\generic\MeleeCombatStrategy.cpp" />
    <ClCompile Include="..\src\plugins\playerbot\strategy\generic\NonCombatStrategy.cpp" />
    <ClCompile Include="..\src\plugins\playerbot\strategy\generic\PassiveStrategy.cpp" />
    <ClCompile Include="..\src\plugins\playerbot\strategy\generic\PullStrategy.cpp" />
    <ClCompile Include="..\src\plugins\playerbot\strategy\generic\QuestStrategies.cpp" />
    <ClCompile Include="..\src\plugins\playerbot\strategy\generic\RacialsStrategy.cpp" />
    <ClCompile Include="..\src\plugins\playerbot\strategy\generic\RangedCombatStrategy.cpp" />
    <ClCompile Include="..\src\plugins\playerbot\strategy\generic\RunawayStrategy.cpp" />
    <ClCompile Include="..\src\plugins\playerbot\strategy\generic\StayStrategy.cpp" />
    <ClCompile Include="..\src\plugins\playerbot\strategy\generic\TankAoeStrategy.cpp" />
    <ClCompile Include="..\src\plugins\playerbot\strategy\generic\TankAssistStrategy.cpp" />
    <ClCompile Include="..\src\plugins\playerbot\strategy\generic\TellTargetStrategy.cpp" />
    <ClCompile Include="..\src\plugins\playerbot\strategy\generic\ThreatStrategy.cpp" />
    <ClCompile Include="..\src\plugins\playerbot\strategy\generic\UseFoodStrategy.cpp" />
    <ClCompile Include="..\src\plugins\playerbot\strategy\generic\UsePotionsStrategy.cpp" />
    <ClCompile Include="..\src\plugins\playerbot\strategy\generic\WorldPacketHandlerStrategy.cpp" />
    <ClCompile Include="..\src\plugins\playerbot\strategy\hunter\DpsHunterStrategy.cpp" />
    <ClCompile Include="..\src\plugins\playerbot\strategy\hunter\GenericHunterNonCombatStrategy.cpp" />
    <ClCompile Include="..\src\plugins\playerbot\strategy\hunter\GenericHunterStrategy.cpp" />
    <ClCompile Include="..\src\plugins\playerbot\strategy\hunter\HunterActions.cpp" />
    <ClCompile Include="..\src\plugins\playerbot\strategy\hunter\HunterAiObjectContext.cpp" />
    <ClCompile Include="..\src\plugins\playerbot\strategy\hunter\HunterBuffStrategies.cpp" />
    <ClCompile Include="..\src\plugins\playerbot\strategy\hunter\HunterMultipliers.cpp" />
    <ClCompile Include="..\src\plugins\playerbot\strategy\hunter\HunterTriggers.cpp" />
    <ClCompile Include="..\src\plugins\playerbot\strategy\mage\ArcaneMageStrategy.cpp" />
    <ClCompile Include="..\src\plugins\playerbot\strategy\mage\FireMageStrategy.cpp" />
    <ClCompile Include="..\src\plugins\playerbot\strategy\mage\FrostMageStrategy.cpp" />
    <ClCompile Include="..\src\plugins\playerbot\strategy\mage\GenericMageNonCombatStrategy.cpp" />
    <ClCompile Include="..\src\plugins\playerbot\strategy\mage\GenericMageStrategy.cpp" />
    <ClCompile Include="..\src\plugins\playerbot\strategy\mage\MageActions.cpp" />
    <ClCompile Include="..\src\plugins\playerbot\strategy\mage\MageAiObjectContext.cpp" />
    <ClCompile Include="..\src\plugins\playerbot\strategy\mage\MageMultipliers.cpp" />
    <ClCompile Include="..\src\plugins\playerbot\strategy\mage\MageTriggers.cpp" />
    <ClCompile Include="..\src\plugins\playerbot\strategy\paladin\DpsPaladinStrategy.cpp" />
    <ClCompile Include="..\src\plugins\playerbot\strategy\paladin\GenericPaladinNonCombatStrategy.cpp" />
    <ClCompile Include="..\src\plugins\playerbot\strategy\paladin\GenericPaladinStrategy.cpp" />
    <ClCompile Include="..\src\plugins\playerbot\strategy\paladin\PaladinActions.cpp" />
    <ClCompile Include="..\src\plugins\playerbot\strategy\paladin\PaladinAiObjectContext.cpp" />
    <ClCompile Include="..\src\plugins\playerbot\strategy\paladin\PaladinBuffStrategies.cpp" />
    <ClCompile Include="..\src\plugins\playerbot\strategy\paladin\PaladinMultipliers.cpp" />
    <ClCompile Include="..\src\plugins\playerbot\strategy\paladin\PaladinTriggers.cpp" />
    <ClCompile Include="..\src\plugins\playerbot\strategy\paladin\TankPaladinStrategy.cpp" />
    <ClCompile Include="..\src\plugins\playerbot\strategy\priest\GenericPriestStrategy.cpp" />
    <ClCompile Include="..\src\plugins\playerbot\strategy\priest\HealPriestStrategy.cpp" />
    <ClCompile Include="..\src\plugins\playerbot\strategy\priest\HolyPriestStrategy.cpp" />
    <ClCompile Include="..\src\plugins\playerbot\strategy\priest\PriestActions.cpp" />
    <ClCompile Include="..\src\plugins\playerbot\strategy\priest\PriestAiObjectContext.cpp" />
    <ClCompile Include="..\src\plugins\playerbot\strategy\priest\PriestMultipliers.cpp" />
    <ClCompile Include="..\src\plugins\playerbot\strategy\priest\PriestNonCombatStrategy.cpp" />
    <ClCompile Include="..\src\plugins\playerbot\strategy\priest\PriestTriggers.cpp" />
    <ClCompile Include="..\src\plugins\playerbot\strategy\priest\ShadowPriestStrategy.cpp" />
    <ClCompile Include="..\src\plugins\playerbot\strategy\rogue\DpsRogueStrategy.cpp" />
    <ClCompile Include="..\src\plugins\playerbot\strategy\rogue\GenericRogueNonCombatStrategy.cpp" />
    <ClCompile Include="..\src\plugins\playerbot\strategy\rogue\RogueActions.cpp" />
    <ClCompile Include="..\src\plugins\playerbot\strategy\rogue\RogueAiObjectContext.cpp" />
    <ClCompile Include="..\src\plugins\playerbot\strategy\rogue\RogueMultipliers.cpp" />
    <ClCompile Include="..\src\plugins\playerbot\strategy\rogue\RogueTriggers.cpp" />
    <ClCompile Include="..\src\plugins\playerbot\strategy\shaman\CasterShamanStrategy.cpp" />
    <ClCompile Include="..\src\plugins\playerbot\strategy\shaman\GenericShamanStrategy.cpp" />
    <ClCompile Include="..\src\plugins\playerbot\strategy\shaman\HealShamanStrategy.cpp" />
    <ClCompile Include="..\src\plugins\playerbot\strategy\shaman\MeleeShamanStrategy.cpp" />
    <ClCompile Include="..\src\plugins\playerbot\strategy\shaman\ShamanActions.cpp" />
    <ClCompile Include="..\src\plugins\playerbot\strategy\shaman\ShamanAiObjectContext.cpp" />
    <ClCompile Include="..\src\plugins\playerbot\strategy\shaman\ShamanMultipliers.cpp" />
    <ClCompile Include="..\src\plugins\playerbot\strategy\shaman\ShamanNonCombatStrategy.cpp" />
    <ClCompile Include="..\src\plugins\playerbot\strategy\shaman\ShamanTriggers.cpp" />
    <ClCompile Include="..\src\plugins\playerbot\strategy\shaman\TotemsShamanStrategy.cpp" />
    <ClCompile Include="..\src\plugins\playerbot\strategy\triggers\CureTriggers.cpp" />
    <ClCompile Include="..\src\plugins\playerbot\strategy\triggers\GenericTriggers.cpp" />
    <ClCompile Include="..\src\plugins\playerbot\strategy\triggers\HealthTriggers.cpp" />
    <ClCompile Include="..\src\plugins\playerbot\strategy\triggers\LootTriggers.cpp" />
    <ClCompile Include="..\src\plugins\playerbot\strategy\values\AoeHealValues.cpp" />
    <ClCompile Include="..\src\plugins\playerbot\strategy\values\AttackerCountValues.cpp" />
    <ClCompile Include="..\src\plugins\playerbot\strategy\values\AttackersValue.cpp" />
    <ClCompile Include="..\src\plugins\playerbot\strategy\values\AttackerWithoutAuraTargetValue.cpp" />
    <ClCompile Include="..\src\plugins\playerbot\strategy\values\CcTargetValue.cpp" />
    <ClCompile Include="..\src\plugins\playerbot\strategy\values\CurrentCcTargetValue.cpp" />
    <ClCompile Include="..\src\plugins\playerbot\strategy\values\CurrentTargetValue.cpp" />
    <ClCompile Include="..\src\plugins\playerbot\strategy\values\DpsTargetValue.cpp" />
    <ClCompile Include="..\src\plugins\playerbot\strategy\values\DuelTargetValue.cpp" />
    <ClCompile Include="..\src\plugins\playerbot\strategy\values\EnemyHealerTargetValue.cpp" />
    <ClCompile Include="..\src\plugins\playerbot\strategy\values\EnemyPlayerValue.cpp" />
    <ClCompile Include="..\src\plugins\playerbot\strategy\values\Formations.cpp" />
    <ClCompile Include="..\src\plugins\playerbot\strategy\values\GrindTargetValue.cpp" />
    <ClCompile Include="..\src\plugins\playerbot\strategy\values\InvalidTargetValue.cpp" />
    <ClCompile Include="..\src\plugins\playerbot\strategy\values\ItemCountValue.cpp" />
    <ClCompile Include="..\src\plugins\playerbot\strategy\values\ItemForSpellValue.cpp" />
    <ClCompile Include="..\src\plugins\playerbot\strategy\values\LeastHpTargetValue.cpp" />
    <ClCompile Include="..\src\plugins\playerbot\strategy\values\LineTargetValue.cpp" />
    <ClCompile Include="..\src\plugins\playerbot\strategy\values\NearestAdsValue.cpp" />
    <ClCompile Include="..\src\plugins\playerbot\strategy\values\NearestCorpsesValue.cpp" />
    <ClCompile Include="..\src\plugins\playerbot\strategy\values\NearestGameObjects.cpp" />
    <ClCompile Include="..\src\plugins\playerbot\strategy\values\NearestNpcsValue.cpp" />
    <ClCompile Include="..\src\plugins\playerbot\strategy\values\PartyMemberToDispel.cpp" />
    <ClCompile Include="..\src\plugins\playerbot\strategy\values\PartyMemberToHeal.cpp" />
    <ClCompile Include="..\src\plugins\playerbot\strategy\values\PartyMemberToResurrect.cpp" />
    <ClCompile Include="..\src\plugins\playerbot\strategy\values\PartyMemberValue.cpp" />
    <ClCompile Include="..\src\plugins\playerbot\strategy\values\PartyMemberWithoutAuraValue.cpp" />
    <ClCompile Include="..\src\plugins\playerbot\strategy\values\PositionValue.cpp" />
    <ClCompile Include="..\src\plugins\playerbot\strategy\values\PossibleTargetsValue.cpp" />
    <ClCompile Include="..\src\plugins\playerbot\strategy\values\RtiValue.cpp" />
    <ClCompile Include="..\src\plugins\playerbot\strategy\values\SpellCastUsefulValue.cpp" />
    <ClCompile Include="..\src\plugins\playerbot\strategy\values\SpellIdValue.cpp" />
    <ClCompile Include="..\src\plugins\playerbot\strategy\values\StatsValues.cpp" />
    <ClCompile Include="..\src\plugins\playerbot\strategy\values\TankTargetValue.cpp" />
    <ClCompile Include="..\src\plugins\playerbot\strategy\values\TargetValue.cpp" />
    <ClCompile Include="..\src\plugins\playerbot\strategy\values\ThreatValues.cpp" />
    <ClCompile Include="..\src\plugins\playerbot\strategy\values\formations\Arrow.cpp" />
    <ClCompile Include="..\src\plugins\playerbot\strategy\warlock\DpsWarlockStrategy.cpp" />
    <ClCompile Include="..\src\plugins\playerbot\strategy\warlock\GenericWarlockNonCombatStrategy.cpp" />
    <ClCompile Include="..\src\plugins\playerbot\strategy\warlock\GenericWarlockStrategy.cpp" />
    <ClCompile Include="..\src\plugins\playerbot\strategy\warlock\TankWarlockStrategy.cpp" />
    <ClCompile Include="..\src\plugins\playerbot\strategy\warlock\WarlockActions.cpp" />
    <ClCompile Include="..\src\plugins\playerbot\strategy\warlock\WarlockAiObjectContext.cpp" />
    <ClCompile Include="..\src\plugins\playerbot\strategy\warlock\WarlockMultipliers.cpp" />
    <ClCompile Include="..\src\plugins\playerbot\strategy\warlock\WarlockTriggers.cpp" />
    <ClCompile Include="..\src\plugins\playerbot\strategy\warrior\DpsWarriorStrategy.cpp" />
    <ClCompile Include="..\src\plugins\playerbot\strategy\warrior\GenericWarriorNonCombatStrategy.cpp" />
    <ClCompile Include="..\src\plugins\playerbot\strategy\warrior\GenericWarriorStrategy.cpp" />
    <ClCompile Include="..\src\plugins\playerbot\strategy\warrior\TankWarriorStrategy.cpp" />
    <ClCompile Include="..\src\plugins\playerbot\strategy\warrior\WarriorActions.cpp" />
    <ClCompile Include="..\src\plugins\playerbot\strategy\warrior\WarriorAiObjectContext.cpp" />
    <ClCompile Include="..\src\plugins\playerbot\strategy\warrior\WarriorMultipliers.cpp" />
    <ClCompile Include="..\src\plugins\playerbot\strategy\warrior\WarriorTriggers.cpp" />
  </ItemGroup>
  <ItemGroup>
    <None Include="..\src\plugins\ahbot\ahbot.conf.dist.in" />
    <None Include="..\src\plugins\playerbot\aiplayerbot.conf.dist.in" />
  </ItemGroup>
  <ItemGroup>
    <None Include="..\src\plugins\CMakeLists.txt" />
  </ItemGroup>
  <ItemGroup>
    <ClInclude Include="..\src\plugins\ahbot\AhBot.h" />
    <ClInclude Include="..\src\plugins\ahbot\AhBotConfig.h" />
    <ClInclude Include="..\src\plugins\ahbot\Category.h" />
    <ClInclude Include="..\src\plugins\ahbot\ConsumableCategory.h" />
    <ClInclude Include="..\src\plugins\ahbot\ItemBag.h" />
    <ClInclude Include="..\src\plugins\ahbot\PricingStrategy.h" />
    <ClInclude Include="..\src\plugins\ahbot\TradeCategory.h" />
    <ClInclude Include="..\src\plugins\playerbot\AiFactory.h" />
    <ClInclude Include="..\src\plugins\playerbot\ChatFilter.h" />
    <ClInclude Include="..\src\plugins\playerbot\ChatHelper.h" />
    <ClInclude Include="..\src\plugins\playerbot\FleeManager.h" />
    <ClInclude Include="..\src\plugins\playerbot\LazyCalculatedValue.h" />
    <ClInclude Include="..\src\plugins\playerbot\LootObjectStack.h" />
    <ClInclude Include="..\src\plugins\playerbot\playerbot.h" />
    <ClInclude Include="..\src\plugins\playerbot\PlayerbotAI.h" />
    <ClInclude Include="..\src\plugins\playerbot\PlayerbotAIAware.h" />
    <ClInclude Include="..\src\plugins\playerbot\PlayerbotAIBase.h" />
    <ClInclude Include="..\src\plugins\playerbot\PlayerbotAIConfig.h" />
    <ClInclude Include="..\src\plugins\playerbot\playerbotDefs.h" />
    <ClInclude Include="..\src\plugins\playerbot\PlayerbotFactory.h" />
    <ClInclude Include="..\src\plugins\playerbot\PlayerbotMgr.h" />
    <ClInclude Include="..\src\plugins\playerbot\PlayerbotSecurity.h" />
    <ClInclude Include="..\src\plugins\playerbot\RandomPlayerbotFactory.h" />
    <ClInclude Include="..\src\plugins\playerbot\RandomPlayerbotMgr.h" />
    <ClInclude Include="..\src\plugins\playerbot\strategy\Action.h" />
    <ClInclude Include="..\src\plugins\playerbot\strategy\ActionBasket.h" />
    <ClInclude Include="..\src\plugins\playerbot\strategy\AiObject.h" />
    <ClInclude Include="..\src\plugins\playerbot\strategy\AiObjectContext.h" />
    <ClInclude Include="..\src\plugins\playerbot\strategy\Engine.h" />
    <ClInclude Include="..\src\plugins\playerbot\strategy\Event.h" />
    <ClInclude Include="..\src\plugins\playerbot\strategy\ExternalEventHelper.h" />
    <ClInclude Include="..\src\plugins\playerbot\strategy\ItemVisitors.h" />
    <ClInclude Include="..\src\plugins\playerbot\strategy\Multiplier.h" />
    <ClInclude Include="..\src\plugins\playerbot\strategy\NamedObjectContext.h" />
    <ClInclude Include="..\src\plugins\playerbot\strategy\PassiveMultiplier.h" />
    <ClInclude Include="..\src\plugins\playerbot\strategy\Queue.h" />
    <ClInclude Include="..\src\plugins\playerbot\strategy\Strategy.h" />
    <ClInclude Include="..\src\plugins\playerbot\strategy\StrategyContext.h" />
    <ClInclude Include="..\src\plugins\playerbot\strategy\Trigger.h" />
    <ClInclude Include="..\src\plugins\playerbot\strategy\Value.h" />
    <ClInclude Include="..\src\plugins\playerbot\strategy\actions\AcceptDuelAction.h" />
    <ClInclude Include="..\src\plugins\playerbot\strategy\actions\AcceptInvitationAction.h" />
    <ClInclude Include="..\src\plugins\playerbot\strategy\actions\AcceptQuestAction.h" />
    <ClInclude Include="..\src\plugins\playerbot\strategy\actions\AcceptResurrectAction.h" />
    <ClInclude Include="..\src\plugins\playerbot\strategy\actions\ActionContext.h" />
    <ClInclude Include="..\src\plugins\playerbot\strategy\actions\AddLootAction.h" />
    <ClInclude Include="..\src\plugins\playerbot\strategy\actions\AreaTriggerAction.h" />
    <ClInclude Include="..\src\plugins\playerbot\strategy\actions\AttackAction.h" />
    <ClInclude Include="..\src\plugins\playerbot\strategy\actions\BankAction.h" />
    <ClInclude Include="..\src\plugins\playerbot\strategy\actions\BuffAction.h" />
    <ClInclude Include="..\src\plugins\playerbot\strategy\actions\BuyAction.h" />
    <ClInclude Include="..\src\plugins\playerbot\strategy\actions\CastCustomSpellAction.h" />
    <ClInclude Include="..\src\plugins\playerbot\strategy\actions\ChangeChatAction.h" />
    <ClInclude Include="..\src\plugins\playerbot\strategy\actions\ChangeStrategyAction.h" />
    <ClInclude Include="..\src\plugins\playerbot\strategy\actions\ChangeTalentsAction.h" />
    <ClInclude Include="..\src\plugins\playerbot\strategy\actions\ChatActionContext.h" />
    <ClInclude Include="..\src\plugins\playerbot\strategy\actions\ChatShortcutActions.h" />
    <ClInclude Include="..\src\plugins\playerbot\strategy\actions\CheckMountStateAction.h" />
    <ClInclude Include="..\src\plugins\playerbot\strategy\actions\ChooseTargetActions.h" />
    <ClInclude Include="..\src\plugins\playerbot\strategy\actions\DestroyItemAction.h" />
    <ClInclude Include="..\src\plugins\playerbot\strategy\actions\DropQuestAction.h" />
    <ClInclude Include="..\src\plugins\playerbot\strategy\actions\EmoteAction.h" />
    <ClInclude Include="..\src\plugins\playerbot\strategy\actions\EquipAction.h" />
    <ClInclude Include="..\src\plugins\playerbot\strategy\actions\FollowActions.h" />
    <ClInclude Include="..\src\plugins\playerbot\strategy\actions\GenericActions.h" />
    <ClInclude Include="..\src\plugins\playerbot\strategy\actions\GenericSpellActions.h" />
    <ClInclude Include="..\src\plugins\playerbot\strategy\actions\GossipHelloAction.h" />
    <ClInclude Include="..\src\plugins\playerbot\strategy\actions\GuildAcceptAction.h" />
    <ClInclude Include="..\src\plugins\playerbot\strategy\actions\GuildBankAction.h" />
    <ClInclude Include="..\src\plugins\playerbot\strategy\actions\HelpAction.h" />
    <ClInclude Include="..\src\plugins\playerbot\strategy\actions\InventoryAction.h" />
    <ClInclude Include="..\src\plugins\playerbot\strategy\actions\InventoryChangeFailureAction.h" />
    <ClInclude Include="..\src\plugins\playerbot\strategy\actions\InviteToGroupAction.h" />
    <ClInclude Include="..\src\plugins\playerbot\strategy\actions\LeaveGroupAction.h" />
    <ClInclude Include="..\src\plugins\playerbot\strategy\actions\LfgActions.h" />
    <ClInclude Include="..\src\plugins\playerbot\strategy\actions\ListQuestsActions.h" />
    <ClInclude Include="..\src\plugins\playerbot\strategy\actions\ListSpellsAction.h" />
    <ClInclude Include="..\src\plugins\playerbot\strategy\actions\LogLevelAction.h" />
    <ClInclude Include="..\src\plugins\playerbot\strategy\actions\LootAction.h" />
    <ClInclude Include="..\src\plugins\playerbot\strategy\actions\LootRollAction.h" />
    <ClInclude Include="..\src\plugins\playerbot\strategy\actions\LootStrategyAction.h" />
    <ClInclude Include="..\src\plugins\playerbot\strategy\actions\MovementActions.h" />
    <ClInclude Include="..\src\plugins\playerbot\strategy\actions\NonCombatActions.h" />
    <ClInclude Include="..\src\plugins\playerbot\strategy\actions\PassLeadershipToMasterAction.h" />
    <ClInclude Include="..\src\plugins\playerbot\strategy\actions\PositionAction.h" />
    <ClInclude Include="..\src\plugins\playerbot\strategy\actions\QueryItemUsageAction.h" />
    <ClInclude Include="..\src\plugins\playerbot\strategy\actions\QueryQuestAction.h" />
    <ClInclude Include="..\src\plugins\playerbot\strategy\actions\QuestAction.h" />
    <ClInclude Include="..\src\plugins\playerbot\strategy\actions\ReachTargetActions.h" />
    <ClInclude Include="..\src\plugins\playerbot\strategy\actions\ReadyCheckAction.h" />
    <ClInclude Include="..\src\plugins\playerbot\strategy\actions\ReleaseSpiritAction.h" />
    <ClInclude Include="..\src\plugins\playerbot\strategy\actions\RememberTaxiAction.h" />
    <ClInclude Include="..\src\plugins\playerbot\strategy\actions\RepairAllAction.h" />
    <ClInclude Include="..\src\plugins\playerbot\strategy\actions\ResetAiAction.h" />
    <ClInclude Include="..\src\plugins\playerbot\strategy\actions\ReviveFromCorpseAction.h" />
    <ClInclude Include="..\src\plugins\playerbot\strategy\actions\RewardAction.h" />
    <ClInclude Include="..\src\plugins\playerbot\strategy\actions\RtiAction.h" />
    <ClInclude Include="..\src\plugins\playerbot\strategy\actions\SaveManaAction.h" />
    <ClInclude Include="..\src\plugins\playerbot\strategy\actions\SecurityCheckAction.h" />
    <ClInclude Include="..\src\plugins\playerbot\strategy\actions\SellAction.h" />
    <ClInclude Include="..\src\plugins\playerbot\strategy\actions\SetHomeAction.h" />
    <ClInclude Include="..\src\plugins\playerbot\strategy\actions\StatsAction.h" />
    <ClInclude Include="..\src\plugins\playerbot\strategy\actions\StayActions.h" />
    <ClInclude Include="..\src\plugins\playerbot\strategy\actions\SuggestWhatToDoAction.h" />
    <ClInclude Include="..\src\plugins\playerbot\strategy\actions\TalkToQuestGiverAction.h" />
    <ClInclude Include="..\src\plugins\playerbot\strategy\actions\TaxiAction.h" />
    <ClInclude Include="..\src\plugins\playerbot\strategy\actions\TeleportAction.h" />
    <ClInclude Include="..\src\plugins\playerbot\strategy\actions\TellCastFailedAction.h" />
    <ClInclude Include="..\src\plugins\playerbot\strategy\actions\TellItemCountAction.h" />
    <ClInclude Include="..\src\plugins\playerbot\strategy\actions\TellLosAction.h" />
    <ClInclude Include="..\src\plugins\playerbot\strategy\actions\TellMasterAction.h" />
    <ClInclude Include="..\src\plugins\playerbot\strategy\actions\TellReputationAction.h" />
    <ClInclude Include="..\src\plugins\playerbot\strategy\actions\TellTargetAction.h" />
    <ClInclude Include="..\src\plugins\playerbot\strategy\actions\TradeAction.h" />
    <ClInclude Include="..\src\plugins\playerbot\strategy\actions\TradeStatusAction.h" />
    <ClInclude Include="..\src\plugins\playerbot\strategy\actions\TrainerAction.h" />
    <ClInclude Include="..\src\plugins\playerbot\strategy\actions\UnequipAction.h" />
    <ClInclude Include="..\src\plugins\playerbot\strategy\actions\UseItemAction.h" />
    <ClInclude Include="..\src\plugins\playerbot\strategy\actions\UseMeetingStoneAction.h" />
    <ClInclude Include="..\src\plugins\playerbot\strategy\actions\WhoAction.h" />
    <ClInclude Include="..\src\plugins\playerbot\strategy\actions\WorldPacketActionContext.h" />
    <ClInclude Include="..\src\plugins\playerbot\strategy\druid\BearTankDruidStrategy.h" />
    <ClInclude Include="..\src\plugins\playerbot\strategy\druid\CasterDruidStrategy.h" />
    <ClInclude Include="..\src\plugins\playerbot\strategy\druid\CatDpsDruidStrategy.h" />
    <ClInclude Include="..\src\plugins\playerbot\strategy\druid\DruidActions.h" />
    <ClInclude Include="..\src\plugins\playerbot\strategy\druid\DruidAiObjectContext.h" />
    <ClInclude Include="..\src\plugins\playerbot\strategy\druid\DruidBearActions.h" />
    <ClInclude Include="..\src\plugins\playerbot\strategy\druid\DruidCatActions.h" />
    <ClInclude Include="..\src\plugins\playerbot\strategy\druid\DruidMultipliers.h" />
    <ClInclude Include="..\src\plugins\playerbot\strategy\druid\DruidShapeshiftActions.h" />
    <ClInclude Include="..\src\plugins\playerbot\strategy\druid\DruidTriggers.h" />
    <ClInclude Include="..\src\plugins\playerbot\strategy\druid\FeralDruidStrategy.h" />
    <ClInclude Include="..\src\plugins\playerbot\strategy\druid\GenericDruidNonCombatStrategy.h" />
    <ClInclude Include="..\src\plugins\playerbot\strategy\druid\GenericDruidStrategy.h" />
    <ClInclude Include="..\src\plugins\playerbot\strategy\druid\HealDruidStrategy.h" />
    <ClInclude Include="..\src\plugins\playerbot\strategy\generic\AttackEnemyPlayersStrategy.h" />
    <ClInclude Include="..\src\plugins\playerbot\strategy\generic\AttackRtiStrategy.h" />
    <ClInclude Include="..\src\plugins\playerbot\strategy\generic\AttackWeakStrategy.h" />
    <ClInclude Include="..\src\plugins\playerbot\strategy\generic\CastTimeStrategy.h" />
    <ClInclude Include="..\src\plugins\playerbot\strategy\generic\ChatCommandHandlerStrategy.h" />
    <ClInclude Include="..\src\plugins\playerbot\strategy\generic\CombatStrategy.h" />
    <ClInclude Include="..\src\plugins\playerbot\strategy\generic\ConserveManaStrategy.h" />
    <ClInclude Include="..\src\plugins\playerbot\strategy\generic\DeadStrategy.h" />
    <ClInclude Include="..\src\plugins\playerbot\strategy\generic\DpsAoeStrategy.h" />
    <ClInclude Include="..\src\plugins\playerbot\strategy\generic\DpsAssistStrategy.h" />
    <ClInclude Include="..\src\plugins\playerbot\strategy\generic\DuelStrategy.h" />
    <ClInclude Include="..\src\plugins\playerbot\strategy\generic\EmoteStrategy.h" />
    <ClInclude Include="..\src\plugins\playerbot\strategy\generic\FleeStrategy.h" />
    <ClInclude Include="..\src\plugins\playerbot\strategy\generic\FollowMasterStrategy.h" />
    <ClInclude Include="..\src\plugins\playerbot\strategy\generic\GrindingStrategy.h" />
    <ClInclude Include="..\src\plugins\playerbot\strategy\generic\GuardStrategy.h" />
    <ClInclude Include="..\src\plugins\playerbot\strategy\generic\KiteStrategy.h" />
    <ClInclude Include="..\src\plugins\playerbot\strategy\generic\LootNonCombatStrategy.h" />
    <ClInclude Include="..\src\plugins\playerbot\strategy\generic\MeleeCombatStrategy.h" />
    <ClInclude Include="..\src\plugins\playerbot\strategy\generic\NonCombatStrategy.h" />
    <ClInclude Include="..\src\plugins\playerbot\strategy\generic\PassiveStrategy.h" />
    <ClInclude Include="..\src\plugins\playerbot\strategy\generic\PassTroughStrategy.h" />
    <ClInclude Include="..\src\plugins\playerbot\strategy\generic\PullStrategy.h" />
    <ClInclude Include="..\src\plugins\playerbot\strategy\generic\QuestStrategies.h" />
    <ClInclude Include="..\src\plugins\playerbot\strategy\generic\RacialsStrategy.h" />
    <ClInclude Include="..\src\plugins\playerbot\strategy\generic\RangedCombatStrategy.h" />
    <ClInclude Include="..\src\plugins\playerbot\strategy\generic\RunawayStrategy.h" />
    <ClInclude Include="..\src\plugins\playerbot\strategy\generic\StayStrategy.h" />
    <ClInclude Include="..\src\plugins\playerbot\strategy\generic\TankAoeStrategy.h" />
    <ClInclude Include="..\src\plugins\playerbot\strategy\generic\TankAssistStrategy.h" />
    <ClInclude Include="..\src\plugins\playerbot\strategy\generic\TellTargetStrategy.h" />
    <ClInclude Include="..\src\plugins\playerbot\strategy\generic\ThreatStrategy.h" />
    <ClInclude Include="..\src\plugins\playerbot\strategy\generic\UseFoodStrategy.h" />
    <ClInclude Include="..\src\plugins\playerbot\strategy\generic\UsePotionsStrategy.h" />
    <ClInclude Include="..\src\plugins\playerbot\strategy\generic\WorldPacketHandlerStrategy.h" />
    <ClInclude Include="..\src\plugins\playerbot\strategy\hunter\DpsHunterStrategy.h" />
    <ClInclude Include="..\src\plugins\playerbot\strategy\hunter\GenericHunterNonCombatStrategy.h" />
    <ClInclude Include="..\src\plugins\playerbot\strategy\hunter\GenericHunterStrategy.h" />
    <ClInclude Include="..\src\plugins\playerbot\strategy\hunter\HunterActions.h" />
    <ClInclude Include="..\src\plugins\playerbot\strategy\hunter\HunterAiObjectContext.h" />
    <ClInclude Include="..\src\plugins\playerbot\strategy\hunter\HunterBuffStrategies.h" />
    <ClInclude Include="..\src\plugins\playerbot\strategy\hunter\HunterMultipliers.h" />
    <ClInclude Include="..\src\plugins\playerbot\strategy\hunter\HunterTriggers.h" />
    <ClInclude Include="..\src\plugins\playerbot\strategy\mage\ArcaneMageStrategy.h" />
    <ClInclude Include="..\src\plugins\playerbot\strategy\mage\FireMageStrategy.h" />
    <ClInclude Include="..\src\plugins\playerbot\strategy\mage\FrostMageStrategy.h" />
    <ClInclude Include="..\src\plugins\playerbot\strategy\mage\GenericMageNonCombatStrategy.h" />
    <ClInclude Include="..\src\plugins\playerbot\strategy\mage\GenericMageStrategy.h" />
    <ClInclude Include="..\src\plugins\playerbot\strategy\mage\MageActions.h" />
    <ClInclude Include="..\src\plugins\playerbot\strategy\mage\MageAiObjectContext.h" />
    <ClInclude Include="..\src\plugins\playerbot\strategy\mage\MageMultipliers.h" />
    <ClInclude Include="..\src\plugins\playerbot\strategy\mage\MageTriggers.h" />
    <ClInclude Include="..\src\plugins\playerbot\strategy\paladin\DpsPaladinStrategy.h" />
    <ClInclude Include="..\src\plugins\playerbot\strategy\paladin\GenericPaladinNonCombatStrategy.h" />
    <ClInclude Include="..\src\plugins\playerbot\strategy\paladin\GenericPaladinStrategy.h" />
    <ClInclude Include="..\src\plugins\playerbot\strategy\paladin\GenericPaladinStrategyActionNodeFactory.h" />
    <ClInclude Include="..\src\plugins\playerbot\strategy\paladin\PaladinActions.h" />
    <ClInclude Include="..\src\plugins\playerbot\strategy\paladin\PaladinAiObjectContext.h" />
    <ClInclude Include="..\src\plugins\playerbot\strategy\paladin\PaladinBuffStrategies.h" />
    <ClInclude Include="..\src\plugins\playerbot\strategy\paladin\PaladinMultipliers.h" />
    <ClInclude Include="..\src\plugins\playerbot\strategy\paladin\PaladinTriggers.h" />
    <ClInclude Include="..\src\plugins\playerbot\strategy\paladin\TankPaladinStrategy.h" />
    <ClInclude Include="..\src\plugins\playerbot\strategy\priest\GenericPriestStrategy.h" />
    <ClInclude Include="..\src\plugins\playerbot\strategy\priest\GenericPriestStrategyActionNodeFactory.h" />
    <ClInclude Include="..\src\plugins\playerbot\strategy\priest\HealPriestStrategy.h" />
    <ClInclude Include="..\src\plugins\playerbot\strategy\priest\HolyPriestStrategy.h" />
    <ClInclude Include="..\src\plugins\playerbot\strategy\priest\PriestActions.h" />
    <ClInclude Include="..\src\plugins\playerbot\strategy\priest\PriestAiObjectContext.h" />
    <ClInclude Include="..\src\plugins\playerbot\strategy\priest\PriestMultipliers.h" />
    <ClInclude Include="..\src\plugins\playerbot\strategy\priest\PriestNonCombatStrategy.h" />
    <ClInclude Include="..\src\plugins\playerbot\strategy\priest\PriestNonCombatStrategyActionNodeFactory.h" />
    <ClInclude Include="..\src\plugins\playerbot\strategy\priest\PriestTriggers.h" />
    <ClInclude Include="..\src\plugins\playerbot\strategy\priest\ShadowPriestStrategy.h" />
    <ClInclude Include="..\src\plugins\playerbot\strategy\priest\ShadowPriestStrategyActionNodeFactory.h" />
    <ClInclude Include="..\src\plugins\playerbot\strategy\rogue\DpsRogueStrategy.h" />
    <ClInclude Include="..\src\plugins\playerbot\strategy\rogue\GenericRogueNonCombatStrategy.h" />
    <ClInclude Include="..\src\plugins\playerbot\strategy\rogue\RogueActions.h" />
    <ClInclude Include="..\src\plugins\playerbot\strategy\rogue\RogueAiObjectContext.h" />
    <ClInclude Include="..\src\plugins\playerbot\strategy\rogue\RogueComboActions.h" />
    <ClInclude Include="..\src\plugins\playerbot\strategy\rogue\RogueFinishingActions.h" />
    <ClInclude Include="..\src\plugins\playerbot\strategy\rogue\RogueMultipliers.h" />
    <ClInclude Include="..\src\plugins\playerbot\strategy\rogue\RogueOpeningActions.h" />
    <ClInclude Include="..\src\plugins\playerbot\strategy\rogue\RogueTriggers.h" />
    <ClInclude Include="..\src\plugins\playerbot\strategy\shaman\CasterShamanStrategy.h" />
    <ClInclude Include="..\src\plugins\playerbot\strategy\shaman\GenericShamanStrategy.h" />
    <ClInclude Include="..\src\plugins\playerbot\strategy\shaman\HealShamanStrategy.h" />
    <ClInclude Include="..\src\plugins\playerbot\strategy\shaman\MeleeShamanStrategy.h" />
    <ClInclude Include="..\src\plugins\playerbot\strategy\shaman\ShamanActions.h" />
    <ClInclude Include="..\src\plugins\playerbot\strategy\shaman\ShamanAiObjectContext.h" />
    <ClInclude Include="..\src\plugins\playerbot\strategy\shaman\ShamanMultipliers.h" />
    <ClInclude Include="..\src\plugins\playerbot\strategy\shaman\ShamanNonCombatStrategy.h" />
    <ClInclude Include="..\src\plugins\playerbot\strategy\shaman\ShamanTriggers.h" />
    <ClInclude Include="..\src\plugins\playerbot\strategy\shaman\TotemsShamanStrategy.h" />
    <ClInclude Include="..\src\plugins\playerbot\strategy\triggers\ChatCommandTrigger.h" />
    <ClInclude Include="..\src\plugins\playerbot\strategy\triggers\ChatTriggerContext.h" />
    <ClInclude Include="..\src\plugins\playerbot\strategy\triggers\CureTriggers.h" />
    <ClInclude Include="..\src\plugins\playerbot\strategy\triggers\GenericTriggers.h" />
    <ClInclude Include="..\src\plugins\playerbot\strategy\triggers\HealthTriggers.h" />
    <ClInclude Include="..\src\plugins\playerbot\strategy\triggers\LfgTriggers.h" />
    <ClInclude Include="..\src\plugins\playerbot\strategy\triggers\LootTriggers.h" />
    <ClInclude Include="..\src\plugins\playerbot\strategy\triggers\RangeTriggers.h" />
    <ClInclude Include="..\src\plugins\playerbot\strategy\triggers\TriggerContext.h" />
    <ClInclude Include="..\src\plugins\playerbot\strategy\triggers\WithinAreaTrigger.h" />
    <ClInclude Include="..\src\plugins\playerbot\strategy\triggers\WorldPacketTrigger.h" />
    <ClInclude Include="..\src\plugins\playerbot\strategy\triggers\WorldPacketTriggerContext.h" />
    <ClInclude Include="..\src\plugins\playerbot\strategy\values\AlwaysLootListValue.h" />
    <ClInclude Include="..\src\plugins\playerbot\strategy\values\AoeHealValues.h" />
    <ClInclude Include="..\src\plugins\playerbot\strategy\values\AttackerCountValues.h" />
    <ClInclude Include="..\src\plugins\playerbot\strategy\values\AttackersValue.h" />
    <ClInclude Include="..\src\plugins\playerbot\strategy\values\AttackerWithoutAuraTargetValue.h" />
    <ClInclude Include="..\src\plugins\playerbot\strategy\values\AvailableLootValue.h" />
    <ClInclude Include="..\src\plugins\playerbot\strategy\values\CcTargetValue.h" />
    <ClInclude Include="..\src\plugins\playerbot\strategy\values\ChatValue.h" />
    <ClInclude Include="..\src\plugins\playerbot\strategy\values\CurrentCcTargetValue.h" />
    <ClInclude Include="..\src\plugins\playerbot\strategy\values\CurrentTargetValue.h" />
    <ClInclude Include="..\src\plugins\playerbot\strategy\values\DistanceValue.h" />
    <ClInclude Include="..\src\plugins\playerbot\strategy\values\DpsTargetValue.h" />
    <ClInclude Include="..\src\plugins\playerbot\strategy\values\DuelTargetValue.h" />
    <ClInclude Include="..\src\plugins\playerbot\strategy\values\EnemyHealerTargetValue.h" />
    <ClInclude Include="..\src\plugins\playerbot\strategy\values\EnemyPlayerValue.h" />
    <ClInclude Include="..\src\plugins\playerbot\strategy\values\Formations.h" />
    <ClInclude Include="..\src\plugins\playerbot\strategy\values\GrindTargetValue.h" />
    <ClInclude Include="..\src\plugins\playerbot\strategy\values\HasAvailableLootValue.h" />
    <ClInclude Include="..\src\plugins\playerbot\strategy\values\HasTotemValue.h" />
    <ClInclude Include="..\src\plugins\playerbot\strategy\values\InvalidTargetValue.h" />
    <ClInclude Include="..\src\plugins\playerbot\strategy\values\IsBehindValue.h" />
    <ClInclude Include="..\src\plugins\playerbot\strategy\values\IsFacingValue.h" />
    <ClInclude Include="..\src\plugins\playerbot\strategy\values\IsMovingValue.h" />
    <ClInclude Include="..\src\plugins\playerbot\strategy\values\ItemCountValue.h" />
    <ClInclude Include="..\src\plugins\playerbot\strategy\values\ItemForSpellValue.h" />
    <ClInclude Include="..\src\plugins\playerbot\strategy\values\LastMovementValue.h" />
    <ClInclude Include="..\src\plugins\playerbot\strategy\values\LastSpellCastTimeValue.h" />
    <ClInclude Include="..\src\plugins\playerbot\strategy\values\LastSpellCastValue.h" />
    <ClInclude Include="..\src\plugins\playerbot\strategy\values\LeastHpTargetValue.h" />
    <ClInclude Include="..\src\plugins\playerbot\strategy\values\LfgValues.h" />
    <ClInclude Include="..\src\plugins\playerbot\strategy\values\LineTargetValue.h" />
    <ClInclude Include="..\src\plugins\playerbot\strategy\values\LogLevelValue.h" />
    <ClInclude Include="..\src\plugins\playerbot\strategy\values\LootStrategyValue.h" />
    <ClInclude Include="..\src\plugins\playerbot\strategy\values\ManaSaveLevelValue.h" />
    <ClInclude Include="..\src\plugins\playerbot\strategy\values\MasterTargetValue.h" />
    <ClInclude Include="..\src\plugins\playerbot\strategy\values\NearestAdsValue.h" />
    <ClInclude Include="..\src\plugins\playerbot\strategy\values\NearestCorpsesValue.h" />
    <ClInclude Include="..\src\plugins\playerbot\strategy\values\NearestGameObjects.h" />
    <ClInclude Include="..\src\plugins\playerbot\strategy\values\NearestNpcsValue.h" />
    <ClInclude Include="..\src\plugins\playerbot\strategy\values\NearestUnitsValue.h" />
    <ClInclude Include="..\src\plugins\playerbot\strategy\values\PartyMemberToDispel.h" />
    <ClInclude Include="..\src\plugins\playerbot\strategy\values\PartyMemberToHeal.h" />
    <ClInclude Include="..\src\plugins\playerbot\strategy\values\PartyMemberToResurrect.h" />
    <ClInclude Include="..\src\plugins\playerbot\strategy\values\PartyMemberValue.h" />
    <ClInclude Include="..\src\plugins\playerbot\strategy\values\PartyMemberWithoutAuraValue.h" />
    <ClInclude Include="..\src\plugins\playerbot\strategy\values\PetTargetValue.h" />
    <ClInclude Include="..\src\plugins\playerbot\strategy\values\PositionValue.h" />
    <ClInclude Include="..\src\plugins\playerbot\strategy\values\PossibleTargetsValue.h" />
    <ClInclude Include="..\src\plugins\playerbot\strategy\values\RtiTargetValue.h" />
    <ClInclude Include="..\src\plugins\playerbot\strategy\values\RtiValue.h" />
    <ClInclude Include="..\src\plugins\playerbot\strategy\values\SelfTargetValue.h" />
    <ClInclude Include="..\src\plugins\playerbot\strategy\values\SpellCastUsefulValue.h" />
    <ClInclude Include="..\src\plugins\playerbot\strategy\values\SpellIdValue.h" />
    <ClInclude Include="..\src\plugins\playerbot\strategy\values\StatsValues.h" />
    <ClInclude Include="..\src\plugins\playerbot\strategy\values\TankTargetValue.h" />
    <ClInclude Include="..\src\plugins\playerbot\strategy\values\TargetValue.h" />
    <ClInclude Include="..\src\plugins\playerbot\strategy\values\ThreatValues.h" />
    <ClInclude Include="..\src\plugins\playerbot\strategy\values\ValueContext.h" />
    <ClInclude Include="..\src\plugins\playerbot\strategy\values\formations\Arrow.h" />
    <ClInclude Include="..\src\plugins\playerbot\strategy\warlock\DpsWarlockStrategy.h" />
    <ClInclude Include="..\src\plugins\playerbot\strategy\warlock\GenericWarlockNonCombatStrategy.h" />
    <ClInclude Include="..\src\plugins\playerbot\strategy\warlock\GenericWarlockStrategy.h" />
    <ClInclude Include="..\src\plugins\playerbot\strategy\warlock\TankWarlockStrategy.h" />
    <ClInclude Include="..\src\plugins\playerbot\strategy\warlock\WarlockActions.h" />
    <ClInclude Include="..\src\plugins\playerbot\strategy\warlock\WarlockAiObjectContext.h" />
    <ClInclude Include="..\src\plugins\playerbot\strategy\warlock\WarlockMultipliers.h" />
    <ClInclude Include="..\src\plugins\playerbot\strategy\warlock\WarlockTriggers.h" />
    <ClInclude Include="..\src\plugins\playerbot\strategy\warrior\DpsWarriorStrategy.h" />
    <ClInclude Include="..\src\plugins\playerbot\strategy\warrior\GenericWarriorNonCombatStrategy.h" />
    <ClInclude Include="..\src\plugins\playerbot\strategy\warrior\GenericWarriorStrategy.h" />
    <ClInclude Include="..\src\plugins\playerbot\strategy\warrior\TankWarriorStrategy.h" />
    <ClInclude Include="..\src\plugins\playerbot\strategy\warrior\WarriorActions.h" />
    <ClInclude Include="..\src\plugins\playerbot\strategy\warrior\WarriorAiObjectContext.h" />
    <ClInclude Include="..\src\plugins\playerbot\strategy\warrior\WarriorMultipliers.h" />
    <ClInclude Include="..\src\plugins\playerbot\strategy\warrior\WarriorTriggers.h" />
  </ItemGroup>
</Project>