<?xml version="1.0" encoding="utf-8"?>
<Project ToolsVersion="4.0" xmlns="http://schemas.microsoft.com/developer/msbuild/2003">
  <ItemGroup>
    <Filter Include="Database">
      <UniqueIdentifier>{c8fcac37-3e33-4a88-b9b3-a322b7dfe5bd}</UniqueIdentifier>
    </Filter>
    <Filter Include="Database\DataStores">
      <UniqueIdentifier>{809f010b-4e16-4925-81a1-e0778f06f028}</UniqueIdentifier>
    </Filter>
    <Filter Include="Log">
      <UniqueIdentifier>{97ba4623-a513-4ad4-b769-7abcff4b6641}</UniqueIdentifier>
    </Filter>
    <Filter Include="Util">
      <UniqueIdentifier>{9c8bfd20-3dca-44b6-8d3d-fd5925b39914}</UniqueIdentifier>
    </Filter>
    <Filter Include="Config">
      <UniqueIdentifier>{adb98dec-d22a-40b3-84be-51eaf2974a15}</UniqueIdentifier>
    </Filter>
    <Filter Include="Auth">
      <UniqueIdentifier>{e35fd108-bd39-46ae-83f9-09cf1ebf4ea8}</UniqueIdentifier>
    </Filter>
  </ItemGroup>
  <ItemGroup>
    <ClCompile Include="..\src\shared\Auth\AuthCrypt.cpp" />
    <ClCompile Include="..\src\shared\Auth\BigNumber.cpp" />
    <ClCompile Include="..\src\shared\Auth\HMACSHA1.cpp" />
    <ClCompile Include="..\src\shared\Auth\md5.c" />
    <ClCompile Include="..\src\shared\Auth\SARC4.cpp" />
    <ClCompile Include="..\src\shared\Auth\Sha1.cpp" />
    <ClCompile Include="..\src\shared\ByteBuffer.cpp" />
    <ClCompile Include="..\src\shared\Common.cpp" />
    <ClCompile Include="..\src\shared\Config\Config.cpp" />
    <ClCompile Include="..\src\shared\Database\Database.cpp" />
    <ClCompile Include="..\src\shared\Database\DatabaseMysql.cpp" />
    <ClCompile Include="..\src\shared\Database\DBCFileLoader.cpp" />
    <ClCompile Include="..\src\shared\Database\Field.cpp" />
    <ClCompile Include="..\src\shared\Database\QueryResultMysql.cpp" />
    <ClCompile Include="..\src\shared\Database\SqlDelayThread.cpp" />
    <ClCompile Include="..\src\shared\Database\SqlOperations.cpp" />
    <ClCompile Include="..\src\shared\Database\SqlPreparedStatement.cpp" />
    <ClCompile Include="..\src\shared\Database\SQLStorage.cpp" />
    <ClCompile Include="..\src\shared\Log.cpp" />
    <ClCompile Include="..\src\shared\ProgressBar.cpp" />
    <ClCompile Include="..\src\shared\ServiceWin32.cpp" />
    <ClCompile Include="..\src\shared\Threading.cpp" />
    <ClCompile Include="..\src\shared\Util.cpp" />
  </ItemGroup>
  <ItemGroup>
    <ClInclude Include="..\dep\include\mersennetwister\MersenneTwister.h" />
    <ClInclude Include="..\src\shared\Auth\AuthCrypt.h" />
    <ClInclude Include="..\src\shared\Auth\BigNumber.h" />
    <ClInclude Include="..\src\shared\Auth\HMACSHA1.h" />
    <ClInclude Include="..\src\shared\Auth\md5.h" />
    <ClInclude Include="..\src\shared\Auth\SARC4.h" />
    <ClInclude Include="..\src\shared\Auth\Sha1.h" />
    <ClInclude Include="..\src\shared\ByteBuffer.h" />
    <ClInclude Include="..\src\shared\Database\SqlPreparedStatement.h" />
    <ClInclude Include="..\src\shared\SystemConfig.h" />
    <ClInclude Include="..\src\shared\WorldPacket.h" />
    <ClInclude Include="..\src\shared\Common.h" />
    <ClInclude Include="..\src\shared\Config\Config.h" />
    <ClInclude Include="..\src\shared\Database\Database.h" />
    <ClInclude Include="..\src\shared\Database\DatabaseEnv.h" />
    <ClInclude Include="..\src\shared\Database\DatabaseImpl.h" />
    <ClInclude Include="..\src\shared\Database\DatabaseMysql.h" />
    <ClInclude Include="..\src\shared\Database\DBCFileLoader.h" />
    <ClInclude Include="..\src\shared\Database\DBCStore.h" />
    <ClInclude Include="..\src\shared\Database\Field.h" />
    <ClInclude Include="..\src\shared\Database\QueryResult.h" />
    <ClInclude Include="..\src\shared\Database\QueryResultMysql.h" />
    <ClInclude Include="..\src\shared\Database\SqlDelayThread.h" />
    <ClInclude Include="..\src\shared\Database\SqlOperations.h" />
    <ClInclude Include="..\src\shared\Database\SQLStorage.h" />
    <ClInclude Include="..\src\shared\Database\SQLStorageImpl.h" />
    <ClInclude Include="..\src\shared\Errors.h" />
    <ClInclude Include="..\src\shared\LockedQueue.h" />
    <ClInclude Include="..\src\shared\Log.h" />
    <ClInclude Include="..\src\shared\ProgressBar.h" />
    <ClInclude Include="..\src\shared\revision_nr.h" />
    <ClInclude Include="..\src\shared\revision_sql.h" />
    <ClInclude Include="..\src\shared\ServiceWin32.h" />
    <ClInclude Include="..\src\shared\Threading.h" />
    <ClInclude Include="..\src\shared\Timer.h" />
    <ClInclude Include="..\src\shared\Util.h" />
  </ItemGroup>
  <ItemGroup>
    <CustomBuild Include="..\src\shared\revision.h" />
    <CustomBuild Include="..\src\shared\SystemConfig.h.in" />
  </ItemGroup>
</Project>